
Microsoft Visual Studio Solution File, Format Version 12.00
# Visual Studio Version 17
VisualStudioVersion = 17.9.34714.143
MinimumVisualStudioVersion = 10.0.40219.1
Project("{2150E333-8FDC-42A3-9474-1A3956D46DE8}") = "Clase_01", "Clase_01", "{0C478DC9-5719-4BFB-8D29-095B2B1B8F86}"
EndProject
Project("{2150E333-8FDC-42A3-9474-1A3956D46DE8}") = "Clase_02", "Clase_02", "{3AF9FBB2-F5B7-4A93-B781-1CE5E35800A3}"
EndProject
Project("{2150E333-8FDC-42A3-9474-1A3956D46DE8}") = "Clase_03", "Clase_03", "{70CC6991-19FC-441B-930B-A8D679E8D640}"
EndProject
Project("{2150E333-8FDC-42A3-9474-1A3956D46DE8}") = "Clase_04", "Clase_04", "{D76CE31F-FCDF-4425-947A-D91A489C7A45}"
EndProject
Project("{2150E333-8FDC-42A3-9474-1A3956D46DE8}") = "Clase_05", "Clase_05", "{60A0294C-5D87-4570-874C-C7AF7AB7BB68}"
EndProject
Project("{2150E333-8FDC-42A3-9474-1A3956D46DE8}") = "Ejercicios", "Ejercicios", "{B1D5FD75-C532-4FD5-A9FD-A915244DE015}"
EndProject
Project("{2150E333-8FDC-42A3-9474-1A3956D46DE8}") = "Ejercicios", "Ejercicios", "{4AD65D6E-6219-4061-AEF8-08E5A0EDD70B}"
EndProject
Project("{FAE04EC0-301F-11D3-BF4B-00C04F79EFBC}") = "Ejercicio_01", "Clase_01\Ejercicios\Ejercicio_01\Ejercicio_01.csproj", "{FF30668A-E1EA-4EF4-9907-C5AE807DE5E8}"
EndProject
Project("{FAE04EC0-301F-11D3-BF4B-00C04F79EFBC}") = "Ejercicio_02", "Clase_01\Ejercicios\Ejercicio_02\Ejercicio_02.csproj", "{3AF5AE46-FD0B-4429-8288-6F7DCA2AF23F}"
EndProject
Project("{FAE04EC0-301F-11D3-BF4B-00C04F79EFBC}") = "Ejercicio_03", "Clase_01\Ejercicios\Ejercicio_03\Ejercicio_03.csproj", "{7E51D8E4-DA75-4635-AE53-A8ED81976AD6}"
EndProject
Project("{FAE04EC0-301F-11D3-BF4B-00C04F79EFBC}") = "Ejercicio_04", "Clase_01\Ejercicios\Ejercicio_04\Ejercicio_04.csproj", "{06EB400D-04A5-453A-8E22-CC225FFCB345}"
EndProject
Project("{FAE04EC0-301F-11D3-BF4B-00C04F79EFBC}") = "Ejercicio_05", "Clase_01\Ejercicios\Ejercicio_05\Ejercicio_05.csproj", "{ABE0ECC7-4E37-4E96-A73A-7B222150A437}"
EndProject
Project("{FAE04EC0-301F-11D3-BF4B-00C04F79EFBC}") = "Ejercicio_06", "Clase_01\Ejercicios\Ejercicio_06\Ejercicio_06.csproj", "{56142BE4-0E55-47C8-BF6E-310A52A131FB}"
EndProject
Project("{FAE04EC0-301F-11D3-BF4B-00C04F79EFBC}") = "Ejercicio_07", "Clase_01\Ejercicios\Ejercicio_07\Ejercicio_07.csproj", "{4A997A4F-7AE9-4328-BF84-080C4553BA79}"
EndProject
Project("{FAE04EC0-301F-11D3-BF4B-00C04F79EFBC}") = "Ejercicio_08", "Clase_01\Ejercicios\Ejercicio_08\Ejercicio_08.csproj", "{B4FC3002-60D9-49FC-95AC-FB409C29DAD7}"
EndProject
Project("{FAE04EC0-301F-11D3-BF4B-00C04F79EFBC}") = "Ejercicio_09", "Clase_01\Ejercicios\Ejercicio_09\Ejercicio_09.csproj", "{1228E730-5A02-4265-9BDD-CD1892B45654}"
EndProject
Project("{FAE04EC0-301F-11D3-BF4B-00C04F79EFBC}") = "01.PrincipiosDRY", "Clase_02\01.PrincipiosDRY\01.PrincipiosDRY.csproj", "{818119E2-420D-4421-ABDC-8B2DF7C41206}"
EndProject
Project("{FAE04EC0-301F-11D3-BF4B-00C04F79EFBC}") = "02.ModificadoresAcceso", "Clase_02\02.ModificadoresAcceso\02.ModificadoresAcceso.csproj", "{F636B66C-4CB9-4616-9221-7A99E5852F39}"
EndProject
Project("{FAE04EC0-301F-11D3-BF4B-00C04F79EFBC}") = "03.ModificadoresAcceso_Ejemplos", "Clase_02\03.ModificadoresAcceso_Ejemplos\03.ModificadoresAcceso_Ejemplos.csproj", "{2D6DEEA1-DB8E-47E7-8588-A368320BCA0E}"
EndProject
Project("{FAE04EC0-301F-11D3-BF4B-00C04F79EFBC}") = "04.BuenasPracticas", "Clase_02\04.BuenasPracticas\04.BuenasPracticas.csproj", "{038EEEEE-AFB1-4591-9A7D-5B95403B30C6}"
EndProject
Project("{FAE04EC0-301F-11D3-BF4B-00C04F79EFBC}") = "05.ClasesEstaticas", "Clase_02\05.ClasesEstaticas\05.ClasesEstaticas.csproj", "{A62744E1-F229-4944-AEB5-0FFC1DD8AA62}"
EndProject
Project("{FAE04EC0-301F-11D3-BF4B-00C04F79EFBC}") = "06.Comentarios", "Clase_02\06.Comentarios\06.Comentarios.csproj", "{5FDF3166-6081-4122-A5DC-4CEFF78B06A3}"
EndProject
Project("{FAE04EC0-301F-11D3-BF4B-00C04F79EFBC}") = "07.NamespacesYDirectivas", "Clase_02\07.NamespacesYDirectivas\07.NamespacesYDirectivas.csproj", "{5CF52585-68DB-48B2-9C4C-1BFD5D15A040}"
EndProject
Project("{FAE04EC0-301F-11D3-BF4B-00C04F79EFBC}") = "08.Strings", "Clase_02\08.Strings\08.Strings.csproj", "{03987329-FB07-432F-8D53-A910A296EE5D}"
EndProject
Project("{FAE04EC0-301F-11D3-BF4B-00C04F79EFBC}") = "09.FuncionesMatematicas", "Clase_02\09.FuncionesMatematicas\09.FuncionesMatematicas.csproj", "{7D5CD2C6-C6BF-42BB-A89A-0851786F92DE}"
EndProject
Project("{FAE04EC0-301F-11D3-BF4B-00C04F79EFBC}") = "Depuracion", "Clase_01\Depuracion\Depuracion.csproj", "{06CFF45D-2C5A-4EAB-A604-E5431AD017AE}"
EndProject
Project("{FAE04EC0-301F-11D3-BF4B-00C04F79EFBC}") = "EjemploOtroProyecto", "Clase_01\EjemploOtroProyecto\EjemploOtroProyecto.csproj", "{65B229D4-4139-4375-9333-B5F8750AA072}"
EndProject
Project("{FAE04EC0-301F-11D3-BF4B-00C04F79EFBC}") = "EjemploPrimeraClase", "Clase_01\EjemploPrimeraClase\EjemploPrimeraClase.csproj", "{CCFF82F3-2E77-4E39-A072-1B195EBE7C60}"
EndProject
Project("{FAE04EC0-301F-11D3-BF4B-00C04F79EFBC}") = "Operadores", "Clase_01\Operadores\Operadores.csproj", "{C609E475-0D3C-4C47-AFEF-E776961A69AF}"
EndProject
Project("{FAE04EC0-301F-11D3-BF4B-00C04F79EFBC}") = "TemasClase", "Clase_01\TemasClase\TemasClase.csproj", "{34F984D7-A984-40A1-A894-CC35D989308D}"
EndProject
Project("{2150E333-8FDC-42A3-9474-1A3956D46DE8}") = "Ejercicios", "Ejercicios", "{D8FCB41F-A373-4238-B50D-CBEB038AE939}"
EndProject
Project("{FAE04EC0-301F-11D3-BF4B-00C04F79EFBC}") = "01.Clases", "Clase_03\01.Clases\01.Clases.csproj", "{A13042A6-02F7-40DB-9703-C700B9ED4498}"
EndProject
Project("{FAE04EC0-301F-11D3-BF4B-00C04F79EFBC}") = "02.RelacionClases", "Clase_03\02.RelacionClases\02.RelacionClases.csproj", "{678E03DF-A0BB-4FD8-92A3-EDFA4297EBC1}"
EndProject
Project("{FAE04EC0-301F-11D3-BF4B-00C04F79EFBC}") = "03.IdentificadoresDeClase", "Clase_03\03.IdentificadoresDeClase\03.IdentificadoresDeClase.csproj", "{C1B205F8-D3A0-45F5-BD44-CA95F8CFE0B3}"
EndProject
Project("{FAE04EC0-301F-11D3-BF4B-00C04F79EFBC}") = "04.SintaxisClases", "Clase_03\04.SintaxisClases\04.SintaxisClases.csproj", "{DEDEB70B-5AC2-4625-8B1A-461647D92058}"
EndProject
Project("{FAE04EC0-301F-11D3-BF4B-00C04F79EFBC}") = "05.SintaxisAtributos", "Clase_03\05.SintaxisAtributos\05.SintaxisAtributos.csproj", "{1EEA96B8-E73A-4C40-8C95-834C39A226A9}"
EndProject
Project("{FAE04EC0-301F-11D3-BF4B-00C04F79EFBC}") = "06.SintaxisMetodos", "Clase_03\06.SintaxisMetodos\06.SintaxisMetodos.csproj", "{B7957460-D683-43DC-8B30-944971F50CDB}"
EndProject
Project("{FAE04EC0-301F-11D3-BF4B-00C04F79EFBC}") = "07.Constructores", "Clase_03\07.Constructores\07.Constructores.csproj", "{F09B9ADE-3640-4E1D-BBAE-118EE3A1FC23}"
EndProject
Project("{FAE04EC0-301F-11D3-BF4B-00C04F79EFBC}") = "PrimeraBiblioteca", "Clase_03\PrimeraBiblioteca\PrimeraBiblioteca.csproj", "{3EB1362D-4B0F-47B9-B725-071676FF32FF}"
EndProject
Project("{FAE04EC0-301F-11D3-BF4B-00C04F79EFBC}") = "SegundaBiblioteca", "Clase_03\SegundaBiblioteca\SegundaBiblioteca.csproj", "{EAAAA299-7201-4CD5-A3C8-790BBD5BD643}"
EndProject
Project("{FAE04EC0-301F-11D3-BF4B-00C04F79EFBC}") = "01.SobrecargaMetodos", "Clase_04\01.Sobrecarga\01.SobrecargaMetodos.csproj", "{E0664409-50E7-436B-AC93-6CFF4065AE98}"
EndProject
Project("{FAE04EC0-301F-11D3-BF4B-00C04F79EFBC}") = "02.SobrecargaConstructores", "Clase_04\02.SobrecargaConstructores\02.SobrecargaConstructores.csproj", "{9AFB261B-9956-44C9-90B2-ACF04E87FCEC}"
EndProject
Project("{FAE04EC0-301F-11D3-BF4B-00C04F79EFBC}") = "03.SobrecargaOperadores", "Clase_04\03.SobrecargaOperadores\03.SobrecargaOperadores.csproj", "{85F87524-5EF2-4B5D-AAA0-C08D399F8360}"
EndProject
Project("{FAE04EC0-301F-11D3-BF4B-00C04F79EFBC}") = "04.OperadoresConversion", "Clase_04\04.OperadoresConversion\04.OperadoresConversion.csproj", "{455817BB-1B8F-446E-A126-EB7A133BAE34}"
EndProject
Project("{FAE04EC0-301F-11D3-BF4B-00C04F79EFBC}") = "05.Propiedades", "Clase_04\05.Propiedades\05.Propiedades.csproj", "{E130B85D-5819-4E1F-800A-8F46BFC39381}"
EndProject
Project("{FAE04EC0-301F-11D3-BF4B-00C04F79EFBC}") = "06.Enumerados", "Clase_04\06.Enumerados\06.Enumerados.csproj", "{A2F2C141-EDF0-498D-9E2B-D9C080EBD3B8}"
EndProject
Project("{FAE04EC0-301F-11D3-BF4B-00C04F79EFBC}") = "07.Indexadores", "Clase_04\07.Indexadores\07.Indexadores.csproj", "{5E077590-9B85-414A-BEB8-E29B13E60385}"
EndProject
Project("{FAE04EC0-301F-11D3-BF4B-00C04F79EFBC}") = "01.MatricesUnidimensionales", "Clase_05\01.Matrices\01.MatricesUnidimensionales.csproj", "{04EDF2B9-67F3-46C2-98E5-B1579F29BFE5}"
EndProject
Project("{FAE04EC0-301F-11D3-BF4B-00C04F79EFBC}") = "02.MatricesMultidimensionales", "Clase_05\02.MatricesMultidimensionales\02.MatricesMultidimensionales.csproj", "{431E2946-CEED-4F53-A5E4-1EF7AFB3B117}"
EndProject
Project("{FAE04EC0-301F-11D3-BF4B-00C04F79EFBC}") = "03.MatricesEscalonada", "Clase_05\03.MatricesEscalonada\03.MatricesEscalonada.csproj", "{6CABD99C-F3DF-4757-BBA8-9F846799FAF6}"
EndProject
Project("{FAE04EC0-301F-11D3-BF4B-00C04F79EFBC}") = "04.ListasGenericas", "Clase_05\04.ListasGenericas\04.ListasGenericas.csproj", "{2AABBBDF-777E-4008-8C74-8F063C274CBB}"
EndProject
Project("{FAE04EC0-301F-11D3-BF4B-00C04F79EFBC}") = "05.ListasNoGenericas", "Clase_05\05.ListasNoGenericas\05.ListasNoGenericas.csproj", "{EC7B4C35-9045-4767-9752-20BA3D2B44EE}"
EndProject
Project("{FAE04EC0-301F-11D3-BF4B-00C04F79EFBC}") = "06.ListasConcurrentes", "Clase_05\06.ListasConcurrentes\06.ListasConcurrentes.csproj", "{FB7D34DE-3F08-4E94-908A-D4B9BEE2F065}"
EndProject
Project("{FAE04EC0-301F-11D3-BF4B-00C04F79EFBC}") = "07.ListasInmutables", "Clase_05\07.ListasInmutables\07.ListasInmutables.csproj", "{29B84BFC-0E28-4FB4-A1D6-9E48444030B8}"
EndProject
Project("{FAE04EC0-301F-11D3-BF4B-00C04F79EFBC}") = "08.ColeccionesGenericas", "Clase_05\08.ColeccionesGenericas\08.ColeccionesGenericas.csproj", "{381C66AA-975C-437E-BFCD-0B20A5883FB0}"
EndProject
Project("{FAE04EC0-301F-11D3-BF4B-00C04F79EFBC}") = "Constructores", "Clase_05\Constructores\Constructores.csproj", "{9471D711-378C-429B-B944-AB053F8EFBC9}"
EndProject
Project("{FAE04EC0-301F-11D3-BF4B-00C04F79EFBC}") = "Ejercicio_01", "Clase_02\Ejercicios\Ejercicio_01\Ejercicio_01.csproj", "{B7EE1BBF-6472-46BC-8F1C-6EC3C25B6C27}"
EndProject
Project("{FAE04EC0-301F-11D3-BF4B-00C04F79EFBC}") = "Ejercicio_02", "Clase_02\Ejercicios\Ejercicio_02\Ejercicio_02.csproj", "{A176FDEA-66E7-4C7A-A054-4B20D5F62C58}"
EndProject
Project("{FAE04EC0-301F-11D3-BF4B-00C04F79EFBC}") = "Ejercicio_03", "Clase_02\Ejercicios\Ejercicio_03\Ejercicio_03.csproj", "{AF980CCC-68C4-48A3-B5E9-2925D372B657}"
EndProject
Project("{FAE04EC0-301F-11D3-BF4B-00C04F79EFBC}") = "Ejercicio_04", "Clase_02\Ejercicios\Ejercicio_04\Ejercicio_04.csproj", "{FDFBDA4E-20BC-4707-AB1E-6C195D8D31AB}"
EndProject
Project("{FAE04EC0-301F-11D3-BF4B-00C04F79EFBC}") = "Ejercicio_05", "Clase_02\Ejercicios\Ejercicio_05\Ejercicio_05.csproj", "{7BB5BBE7-6CFC-4E2C-9AC9-8150C5C6EB69}"
EndProject
Project("{FAE04EC0-301F-11D3-BF4B-00C04F79EFBC}") = "Ejercicio_06", "Clase_02\Ejercicios\Ejercicio_06\Ejercicio_06.csproj", "{B3D5CAEB-585F-4D03-B481-8967C9551FF0}"
EndProject
Project("{FAE04EC0-301F-11D3-BF4B-00C04F79EFBC}") = "Ejercicio_07", "Clase_02\Ejercicios\Ejercicio_07\Ejercicio_07.csproj", "{C062A3DE-BCE9-4D10-9268-7FCA1411350F}"
EndProject
Project("{FAE04EC0-301F-11D3-BF4B-00C04F79EFBC}") = "Ejercicio_08", "Clase_02\Ejercicios\Ejercicio_08\Ejercicio_08.csproj", "{4581B1B5-36F7-4EE5-ADA4-B4488BB90F51}"
EndProject
Project("{FAE04EC0-301F-11D3-BF4B-00C04F79EFBC}") = "Biblioteca", "Clase_03\Ejercicios\Biblioteca\Biblioteca.csproj", "{69821AF4-7D49-4DEC-B7F8-CC623A19C993}"
EndProject
Project("{FAE04EC0-301F-11D3-BF4B-00C04F79EFBC}") = "Ejercicio_01", "Clase_03\Ejercicios\Ejercicio_01\Ejercicio_01.csproj", "{1B43516E-A4F9-475A-AD30-3543FD23B8B1}"
EndProject
Project("{FAE04EC0-301F-11D3-BF4B-00C04F79EFBC}") = "Ejercicio_02", "Clase_03\Ejercicios\Ejercicio_02\Ejercicio_02.csproj", "{C9925DB1-811F-4736-BB06-8515264C4FBF}"
EndProject
Project("{FAE04EC0-301F-11D3-BF4B-00C04F79EFBC}") = "Ejercicio_03", "Clase_03\Ejercicios\Ejercicio_03\Ejercicio_03.csproj", "{B5249F00-FE84-4E69-90AC-F8DF77DB2B29}"
EndProject
Project("{FAE04EC0-301F-11D3-BF4B-00C04F79EFBC}") = "Ejercicio_04", "Clase_03\Ejercicios\Ejercicio_04\Ejercicio_04.csproj", "{A7DD2C87-9217-4E15-89A1-F5B91641F132}"
EndProject
Project("{FAE04EC0-301F-11D3-BF4B-00C04F79EFBC}") = "Ejercicio_05", "Clase_03\Ejercicios\Ejercicio_05\Ejercicio_05.csproj", "{BBE21D1C-6B81-4770-A4C6-62ACBEE57667}"
EndProject
Project("{FAE04EC0-301F-11D3-BF4B-00C04F79EFBC}") = "Ejercicio_06", "Clase_03\Ejercicios\Ejercicio_06\Ejercicio_06.csproj", "{40666688-E4CD-4EB6-8C5F-5550F0C47FD8}"
EndProject
Project("{2150E333-8FDC-42A3-9474-1A3956D46DE8}") = "Ejercicios", "Ejercicios", "{03986E80-E965-4B90-9B1B-E474401D6403}"
EndProject
Project("{FAE04EC0-301F-11D3-BF4B-00C04F79EFBC}") = "Biblioteca", "Clase_04\Ejercicios\Biblioteca\Biblioteca.csproj", "{AFE3CA61-AB42-45EC-911D-A2A08CF5E30F}"
EndProject
Project("{FAE04EC0-301F-11D3-BF4B-00C04F79EFBC}") = "Ejercicio_01", "Clase_04\Ejercicios\Ejercicio_01\Ejercicio_01.csproj", "{39AF474C-DD45-416B-9188-8402DCA4135E}"
EndProject
Project("{FAE04EC0-301F-11D3-BF4B-00C04F79EFBC}") = "Ejercicio_02", "Clase_04\Ejercicios\Ejercicio_02\Ejercicio_02.csproj", "{47C73F8E-ED83-44B8-8D41-5E86A314DCC7}"
EndProject
Project("{2150E333-8FDC-42A3-9474-1A3956D46DE8}") = "Clase_06", "Clase_06", "{3987E392-10D2-4DC8-A16C-EF232C10F819}"
EndProject
Project("{2150E333-8FDC-42A3-9474-1A3956D46DE8}") = "Ejercicios", "Ejercicios", "{1ECC2BCC-62F2-42C9-9E1C-C054975C84A6}"
EndProject
Project("{FAE04EC0-301F-11D3-BF4B-00C04F79EFBC}") = "Biblioteca", "Clase_06\Ejercicios\Biblioteca\Biblioteca.csproj", "{52F604D7-970D-4C89-952A-98558416D4DC}"
EndProject
Project("{2150E333-8FDC-42A3-9474-1A3956D46DE8}") = "Ejercicios", "Ejercicios", "{2EA6CEC0-420F-4AA7-BC71-845FBF10261E}"
EndProject
Project("{FAE04EC0-301F-11D3-BF4B-00C04F79EFBC}") = "Biblioteca", "Clase_05\Ejercicios\Biblioteca\Biblioteca.csproj", "{B4C6F6CD-EA23-4A2C-BD52-DA8ED3ED3D6A}"
EndProject
Project("{FAE04EC0-301F-11D3-BF4B-00C04F79EFBC}") = "Ejercicio_03", "Clase_04\Ejercicios\Ejercicio_03\Ejercicio_03.csproj", "{037C4D43-D302-41E8-BCE0-E17D716D632A}"
EndProject
Project("{FAE04EC0-301F-11D3-BF4B-00C04F79EFBC}") = "Ejercicio_04", "Clase_04\Ejercicios\Ejercicio_04\Ejercicio_04.csproj", "{7060FDBE-75CD-4395-A32C-6B0E44017E26}"
EndProject
Project("{FAE04EC0-301F-11D3-BF4B-00C04F79EFBC}") = "Ejercicio_01", "Clase_05\Ejercicios\Ejercicio_01\Ejercicio_01.csproj", "{44309168-DE7C-465C-9CB7-E66547D8BD89}"
EndProject
Project("{FAE04EC0-301F-11D3-BF4B-00C04F79EFBC}") = "Ejercicio_02", "Clase_05\Ejercicios\Ejercicio_02\Ejercicio_02.csproj", "{99C646A0-4BE3-4455-A0C1-9C9FA7040C02}"
EndProject
Project("{FAE04EC0-301F-11D3-BF4B-00C04F79EFBC}") = "Ejercicio_05", "Clase_05\Ejercicios\Ejercicio_05\Ejercicio_05.csproj", "{02F828E2-8F99-4E63-B45E-F15E987D42DE}"
EndProject
Project("{FAE04EC0-301F-11D3-BF4B-00C04F79EFBC}") = "Ejercicio_03", "Clase_05\Ejercicios\Ejercicio_03\Ejercicio_03.csproj", "{EDD8032D-5FF4-43A3-8528-98086DFA5B4D}"
EndProject
Project("{FAE04EC0-301F-11D3-BF4B-00C04F79EFBC}") = "Ejercicio_04", "Clase_05\Ejercicios\Ejercicio_04\Ejercicio_04.csproj", "{B2746360-1F33-45D3-9D05-5B39FA1A13C7}"
EndProject
Project("{FAE04EC0-301F-11D3-BF4B-00C04F79EFBC}") = "Ejercicio_03", "Clase_06\Ejercicios\Ejercicio_03\Ejercicio_03.csproj", "{D6D26922-B69A-478C-9B88-4801145CF778}"
EndProject
Project("{FAE04EC0-301F-11D3-BF4B-00C04F79EFBC}") = "Ejercicio_01", "Clase_06\Ejercicios\Ejercicio_01\Ejercicio_01.csproj", "{5A253414-A129-4076-81EA-EC6331167302}"
EndProject
Project("{FAE04EC0-301F-11D3-BF4B-00C04F79EFBC}") = "Ejercicio_02", "Clase_06\Ejercicios\Ejercicio_02\Ejercicio_02.csproj", "{85486E9E-DD77-4704-BE6F-401D4AE5FC23}"
EndProject
Project("{FAE04EC0-301F-11D3-BF4B-00C04F79EFBC}") = "Ejercicio_04", "Clase_06\Ejercicios\Ejercicio_04\Ejercicio_04.csproj", "{D85B9CCD-9F18-4F86-A248-C8B216E69D59}"
EndProject
Project("{FAE04EC0-301F-11D3-BF4B-00C04F79EFBC}") = "01.Herencia", "Clase_06\01.Herencia\01.Herencia.csproj", "{C0921120-444B-4399-AD00-C204345827A0}"
EndProject
Project("{FAE04EC0-301F-11D3-BF4B-00C04F79EFBC}") = "01.HerenciaCorrecta", "Clase_06\01.HerenciaCorrecta\01.HerenciaCorrecta.csproj", "{6ACF60AB-D352-4EDC-B258-62F774B7DB89}"
EndProject
Project("{FAE04EC0-301F-11D3-BF4B-00C04F79EFBC}") = "01.HerenciaIncorrecta", "Clase_06\01.HerenciaIncorrecta\01.HerenciaIncorrecta.csproj", "{406B6977-1BA9-4581-8952-45E539B25CAA}"
EndProject
Project("{FAE04EC0-301F-11D3-BF4B-00C04F79EFBC}") = "02.HerenciaSimple", "Clase_06\02.HerenciaSimple\02.HerenciaSimple.csproj", "{7ED45DB3-B340-4EB4-B08C-1419264BC9C5}"
EndProject
Project("{FAE04EC0-301F-11D3-BF4B-00C04F79EFBC}") = "03.HerenciaMultiple", "Clase_06\03.HerenciaMultiple\03.HerenciaMultiple.csproj", "{ABB05D4E-D58F-453F-8C46-16B30BBFAEA4}"
EndProject
Project("{FAE04EC0-301F-11D3-BF4B-00C04F79EFBC}") = "04.PrincipioSolid", "Clase_06\04.PrincipioSolid\04.PrincipioSolid.csproj", "{C31AFCBA-01F3-4BEF-B873-AB841AEEA899}"
EndProject
Project("{FAE04EC0-301F-11D3-BF4B-00C04F79EFBC}") = "05.HerenciaImplementacion", "Clase_06\05.HerenciaImplementacion\05.HerenciaImplementacion.csproj", "{85F9BB28-52D5-4980-9643-DD9654904CE2}"
EndProject
Project("{FAE04EC0-301F-11D3-BF4B-00C04F79EFBC}") = "06.HerenciaClaseDerivada", "Clase_06\06.HerenciaClaseDerivada\06.HerenciaClaseDerivada.csproj", "{8A17DA16-EAB6-40A7-9766-EE88E0D7CAFD}"
EndProject
Project("{FAE04EC0-301F-11D3-BF4B-00C04F79EFBC}") = "07.Transitividad", "Clase_06\07.Transitividad\07.Transitividad.csproj", "{FCDB7622-6003-4A55-94F9-6037CB4122C6}"
EndProject
Project("{FAE04EC0-301F-11D3-BF4B-00C04F79EFBC}") = "08.Constructores", "Clase_06\08.Constructores\08.Constructores.csproj", "{AAD736A2-6FD9-4704-A8C4-0192C454DB58}"
EndProject
Project("{FAE04EC0-301F-11D3-BF4B-00C04F79EFBC}") = "09.ModificadorProtected", "Clase_06\09.ModificadorProtected\09.ModificadorProtected.csproj", "{C6553D88-4D2C-4A7B-AC8B-A422AE8990E9}"
EndProject
Project("{FAE04EC0-301F-11D3-BF4B-00C04F79EFBC}") = "10.ClasesSelladas", "Clase_06\10.ClasesSelladas\10.ClasesSelladas.csproj", "{02E54774-5302-4BC1-B446-9F60D88A40DA}"
EndProject
Project("{FAE04EC0-301F-11D3-BF4B-00C04F79EFBC}") = "OperadorConversion", "Clase_06\OperadorConversion\OperadorConversion.csproj", "{3ADFF97F-7D02-40F9-B5F6-D8260D959F9A}"
EndProject
Project("{FAE04EC0-301F-11D3-BF4B-00C04F79EFBC}") = "OperadorConversionEjemplos", "Clase_06\OperadorConversionEjemplos\OperadorConversionEjemplos.csproj", "{1913C4DA-98A6-4ECB-9DF6-3AF0FCDAB432}"
EndProject
Project("{FAE04EC0-301F-11D3-BF4B-00C04F79EFBC}") = "OperadorConversionMain", "Clase_06\OperadorConversionMain\OperadorConversionMain.csproj", "{3C58167C-CBA4-4D89-B5CC-C8C471933438}"
EndProject
Project("{2150E333-8FDC-42A3-9474-1A3956D46DE8}") = "Clase_07", "Clase_07", "{19F155FD-DB65-496D-92F7-0F72909D3FF7}"
EndProject
Project("{2150E333-8FDC-42A3-9474-1A3956D46DE8}") = "Ejercicios", "Ejercicios", "{B0FC4D20-E3F6-4FD9-A9A5-45E240AD34BE}"
EndProject
Project("{FAE04EC0-301F-11D3-BF4B-00C04F79EFBC}") = "Ejercicio_01", "Clase_07\Ejercicios\Ejercicio_01\Ejercicio_01.csproj", "{A137427C-DDA5-484F-B348-09A508AA0894}"
EndProject
Project("{FAE04EC0-301F-11D3-BF4B-00C04F79EFBC}") = "Biblioteca", "Clase_07\Ejercicios\Biblioteca\Biblioteca.csproj", "{A6A863F6-15B8-46C9-9B4C-7CA4B096EB39}"
EndProject
Project("{FAE04EC0-301F-11D3-BF4B-00C04F79EFBC}") = "Ejercicio_02", "Clase_07\Ejercicios\Ejercicio_02\Ejercicio_02.csproj", "{F8065EE2-BB25-44EA-9B61-B3CE0E146353}"
EndProject
Project("{2150E333-8FDC-42A3-9474-1A3956D46DE8}") = "Clase_08", "Clase_08", "{56F0DA78-78AE-41E6-B1F4-278B0F0A4FAD}"
EndProject
Project("{2150E333-8FDC-42A3-9474-1A3956D46DE8}") = "Ejercicios", "Ejercicios", "{5FFC2197-5AFA-4084-A485-66B9D56625D5}"
EndProject
Project("{FAE04EC0-301F-11D3-BF4B-00C04F79EFBC}") = "01.PolimorfismoBasadoHerencia", "Clase_07\01.PolimorfismoBasadoHerencia\01.PolimorfismoBasadoHerencia.csproj", "{843273CC-0627-466F-8F0E-EB01ABC5F270}"
EndProject
Project("{FAE04EC0-301F-11D3-BF4B-00C04F79EFBC}") = "02.HerenciaNoPolimorfica", "Clase_07\02.HerenciaNoPolimorfica\02.HerenciaNoPolimorfica.csproj", "{2DF00B17-7CE9-4AD6-8E62-628E70C41973}"
EndProject
Project("{FAE04EC0-301F-11D3-BF4B-00C04F79EFBC}") = "03.SobreescrituraEquivalencias", "Clase_07\03.SobreescrituraEquivalencias\03.SobreescrituraEquivalencias.csproj", "{CC5C78A5-AD85-450B-A9E5-CE22BAAC08B2}"
EndProject
Project("{FAE04EC0-301F-11D3-BF4B-00C04F79EFBC}") = "04.ClaseAbstracta", "Clase_07\04.ClaseAbstracta\04.ClaseAbstracta.csproj", "{FFDA3A03-447A-4454-8F48-C724C188CFE1}"
EndProject
Project("{FAE04EC0-301F-11D3-BF4B-00C04F79EFBC}") = "05.MiembrosAbstractos", "Clase_07\05.MiembrosAbstractos\05.MiembrosAbstractos.csproj", "{F63C6D9D-80F6-422B-88F7-9524BA00DD26}"
EndProject
Project("{FAE04EC0-301F-11D3-BF4B-00C04F79EFBC}") = "Ejercicio_01_Parte_I", "Clase_08\Ejercicios\Ejercicio_01_Parte_I\Ejercicio_01_Parte_I.csproj", "{E41EE77D-D597-4326-8061-646C9DCE80B3}"
EndProject
Project("{FAE04EC0-301F-11D3-BF4B-00C04F79EFBC}") = "Ejercicio_01_Parte_II", "Clase_08\Ejercicios\Ejercicio_01_Parte_II\Ejercicio_01_Parte_II.csproj", "{EEC87B59-BAD5-4869-9558-603721D16B7F}"
EndProject
Project("{FAE04EC0-301F-11D3-BF4B-00C04F79EFBC}") = "Ejercicio_01_Parte_III", "Clase_08\Ejercicios\Ejercicio_01_Parte_III\Ejercicio_01_Parte_III.csproj", "{9F78B69F-C550-428A-ABFE-21EA22694210}"
EndProject
Project("{FAE04EC0-301F-11D3-BF4B-00C04F79EFBC}") = "Biblioteca", "Clase_08\Ejercicios\Biblioteca\Biblioteca.csproj", "{98ED9D79-44A5-4EC3-A4C5-808AD36B59F2}"
EndProject
Project("{FAE04EC0-301F-11D3-BF4B-00C04F79EFBC}") = "Ejercicio_02", "Clase_08\Ejercicios\Ejercicio_02\Ejercicio_02.csproj", "{5754CC7A-1165-406A-9EF7-AC344342252F}"
EndProject
Project("{FAE04EC0-301F-11D3-BF4B-00C04F79EFBC}") = "ErrorMio", "Clase_08\01.WindowsForm\ErrorMio.csproj", "{7396EACB-7AF1-4170-8A50-A8245934128D}"
EndProject
Project("{FAE04EC0-301F-11D3-BF4B-00C04F79EFBC}") = "01.WindowForms", "Clase_08\01.WindowsForms\01.WindowForms.csproj", "{24406262-784F-4BFE-B5CB-654A621162DD}"
EndProject
Project("{FAE04EC0-301F-11D3-BF4B-00C04F79EFBC}") = "02.Propiedades", "Clase_08\02.Propiedades\02.Propiedades.csproj", "{E3F1BC1A-13F6-4913-9CFB-CB8A75CF9261}"
EndProject
Project("{FAE04EC0-301F-11D3-BF4B-00C04F79EFBC}") = "03.Metodos", "Clase_08\03.Metodos\03.Metodos.csproj", "{D44DEEB7-9C2A-48D6-9CE0-50DE31A7CF18}"
EndProject
Project("{FAE04EC0-301F-11D3-BF4B-00C04F79EFBC}") = "04.MessageBox", "Clase_08\04.MessageShow\04.MessageBox.csproj", "{6B68432F-DE63-4828-995F-0CE2D37EA742}"
EndProject
Project("{FAE04EC0-301F-11D3-BF4B-00C04F79EFBC}") = "05.Controles", "Clase_08\05.Controles\05.Controles.csproj", "{943BA1BE-C405-414A-8DF9-F0A3B8F5F6DC}"
EndProject
Project("{FAE04EC0-301F-11D3-BF4B-00C04F79EFBC}") = "06.MasControles", "Clase_08\06.MasControles\06.MasControles.csproj", "{B84F4E72-D5B3-46CF-8C0D-75B627124CF9}"
EndProject
Project("{FAE04EC0-301F-11D3-BF4B-00C04F79EFBC}") = "07.Checkbox", "Clase_08\07.Checkbox\07.Checkbox.csproj", "{DBD40CC5-8B49-4300-AEAC-D98194C886DB}"
EndProject
Project("{FAE04EC0-301F-11D3-BF4B-00C04F79EFBC}") = "08.RadioButtonGroupBox", "Clase_08\08.RadioButtonGroupBox\08.RadioButtonGroupBox.csproj", "{4FAADF7A-B1BE-4180-B129-4B314BCA67F5}"
EndProject
Project("{FAE04EC0-301F-11D3-BF4B-00C04F79EFBC}") = "09.ListBox", "Clase_08\09.ListBox\09.ListBox.csproj", "{46B35233-0D9A-4D81-AACA-BF4C19AF86A5}"
EndProject
Project("{FAE04EC0-301F-11D3-BF4B-00C04F79EFBC}") = "10.ComboBox", "Clase_08\10.ComboBox\10.ComboBox.csproj", "{49BAA37A-C463-4001-882A-6B257C5A9C7A}"
EndProject
Project("{FAE04EC0-301F-11D3-BF4B-00C04F79EFBC}") = "MiForm", "Clase_08\MiForm\MiForm.csproj", "{56FA4101-0AEF-4ED9-8C1B-3F0A9EE38D0F}"
EndProject
Project("{FAE04EC0-301F-11D3-BF4B-00C04F79EFBC}") = "MiPrimerFormulario", "Clase_08\MiPrimerFormulario\MiPrimerFormulario.csproj", "{9736C64B-8F42-4525-A8D8-F9C9DB070078}"
EndProject
Project("{2150E333-8FDC-42A3-9474-1A3956D46DE8}") = "Clase_09", "Clase_09", "{3CC66DC9-C5B0-4CA3-9705-980482EBB891}"
EndProject
Project("{2150E333-8FDC-42A3-9474-1A3956D46DE8}") = "Ejercicios", "Ejercicios", "{03F53F05-34F1-44AE-9044-A225B955F78D}"
EndProject
Project("{FAE04EC0-301F-11D3-BF4B-00C04F79EFBC}") = "Ejercicio_03", "Clase_08\Ejercicios\Ejercicio_03\Ejercicio_03.csproj", "{6D3ED310-FFB8-4CC3-B27E-E09AC3EC2BC6}"
EndProject
Project("{FAE04EC0-301F-11D3-BF4B-00C04F79EFBC}") = "Ejercicio_01", "Clase_09\Ejercicios\Ejercicio_01\Ejercicio_01.csproj", "{C1BB5024-DF71-434F-A423-CA95DD5DE19A}"
EndProject
Project("{FAE04EC0-301F-11D3-BF4B-00C04F79EFBC}") = "Ejercicio_02", "Clase_09\Ejercicios\Ejercicio_02\Ejercicio_02.csproj", "{111B41A7-6046-483D-8E13-A6F87CC29814}"
EndProject
Project("{FAE04EC0-301F-11D3-BF4B-00C04F79EFBC}") = "01.TrabajandoConPaths", "Clase_09\01.TrabajandoConPaths\01.TrabajandoConPaths.csproj", "{2A438666-1DCF-4C94-9D66-0C9533A53883}"
EndProject
Project("{FAE04EC0-301F-11D3-BF4B-00C04F79EFBC}") = "02.StreamWriter", "Clase_09\02.StreamWriter\02.StreamWriter.csproj", "{2EB9E610-0563-473C-879A-F99CB8B95C8A}"
EndProject
Project("{FAE04EC0-301F-11D3-BF4B-00C04F79EFBC}") = "03.StreamReader", "Clase_09\03.StreamReader\03.StreamReader.csproj", "{287ABA18-F9AD-4621-B7B8-9C6B7526CAC0}"
EndProject
Project("{FAE04EC0-301F-11D3-BF4B-00C04F79EFBC}") = "04.JsonSerealizar", "Clase_09\04.Json\04.JsonSerealizar.csproj", "{D186D37F-4161-494A-8841-50F0075D927A}"
EndProject
Project("{FAE04EC0-301F-11D3-BF4B-00C04F79EFBC}") = "05.SerealizacionXML", "Clase_09\05.SerealizacionXML\05.SerealizacionXML.csproj", "{5FE91780-7E4C-4D48-BB97-386F149BC18C}"
EndProject
Project("{FAE04EC0-301F-11D3-BF4B-00C04F79EFBC}") = "06.XmlTextWritter", "Clase_09\06.XmlTextWritter\06.XmlTextWritter.csproj", "{FA36CD5A-BEFB-4E9D-9C77-6308BE46CEDF}"
EndProject
Project("{FAE04EC0-301F-11D3-BF4B-00C04F79EFBC}") = "Ejercicio_03", "Clase_09\Ejercicios\Ejercicio_03\Ejercicio_03.csproj", "{3A117074-2FD4-46D1-83EB-BD79FD4C6CCA}"
EndProject
Project("{2150E333-8FDC-42A3-9474-1A3956D46DE8}") = "Parciales", "Parciales", "{FFD86CF5-8136-4EF2-9B08-26C2DAC729AD}"
EndProject
Project("{2150E333-8FDC-42A3-9474-1A3956D46DE8}") = "Modelo PP I", "Modelo PP I", "{28B54FC7-1FAC-4889-AA60-965240605D29}"
EndProject
Project("{FAE04EC0-301F-11D3-BF4B-00C04F79EFBC}") = "Entidades", "Parciales\Primer parcial\Modelo PP I\Entidades\Entidades.csproj", "{713C4451-E034-4EED-86CB-ED21E357C68D}"
EndProject
Project("{2150E333-8FDC-42A3-9474-1A3956D46DE8}") = "Modelo PP II", "Modelo PP II", "{1648F8BF-13AF-4C10-9EC0-8A69F9E4E91F}"
EndProject
Project("{FAE04EC0-301F-11D3-BF4B-00C04F79EFBC}") = "Entidades", "Parciales\Primer parcial\Modelo PP II\Entidades\Entidades.csproj", "{C82997E0-7E99-4DC6-AD71-F43683D3ABAF}"
EndProject
Project("{FAE04EC0-301F-11D3-BF4B-00C04F79EFBC}") = "Test", "Parciales\Primer parcial\Modelo PP II\Test\Test.csproj", "{B45C95A1-02C1-46CE-AFEA-483659CB8C02}"
EndProject
Project("{FAE04EC0-301F-11D3-BF4B-00C04F79EFBC}") = "Test", "Parciales\Primer parcial\Modelo PP I\Test\Test.csproj", "{DFD4E0BD-A212-41F4-B299-FA26489D71D2}"
EndProject
Project("{2150E333-8FDC-42A3-9474-1A3956D46DE8}") = "Clase_11", "Clase_11", "{876908EA-94F1-4618-B7E4-68BB57139045}"
EndProject
Project("{FAE04EC0-301F-11D3-BF4B-00C04F79EFBC}") = "01.ExcepcionNoControlada", "Clase_11\01.ExcepcionNoControlada\01.ExcepcionNoControlada.csproj", "{A3445ED6-74AF-46B4-8B2A-A9B28A6F5263}"
EndProject
Project("{FAE04EC0-301F-11D3-BF4B-00C04F79EFBC}") = "02.TryCatch", "Clase_11\02.TryCatch\02.TryCatch.csproj", "{98D36BE9-5AE7-4C8D-A118-AB152965EEB2}"
EndProject
Project("{FAE04EC0-301F-11D3-BF4B-00C04F79EFBC}") = "03.MultiplesCatch", "Clase_11\03.MultiplesCatch\03.MultiplesCatch.csproj", "{9862AA4B-AB4B-4131-B4EC-ECD3B5220386}"
EndProject
Project("{FAE04EC0-301F-11D3-BF4B-00C04F79EFBC}") = "04.BloqueFinally", "Clase_11\04.BloqueFinally\04.BloqueFinally.csproj", "{D51A85ED-BE8E-4221-8807-892CE5860445}"
EndProject
Project("{FAE04EC0-301F-11D3-BF4B-00C04F79EFBC}") = "05.Throw", "Clase_11\05.Trow\05.Throw.csproj", "{0C190220-F188-4D87-AF3A-ED0803C51420}"
EndProject
Project("{FAE04EC0-301F-11D3-BF4B-00C04F79EFBC}") = "06.ExcepcionesPropias", "Clase_11\06.ExcepcionesPropias\06.ExcepcionesPropias.csproj", "{669BDBE9-9A4D-443F-811B-26841E426247}"
EndProject
Global
	GlobalSection(SolutionConfigurationPlatforms) = preSolution
		Debug|Any CPU = Debug|Any CPU
		Release|Any CPU = Release|Any CPU
	EndGlobalSection
	GlobalSection(ProjectConfigurationPlatforms) = postSolution
		{FF30668A-E1EA-4EF4-9907-C5AE807DE5E8}.Debug|Any CPU.ActiveCfg = Debug|Any CPU
		{FF30668A-E1EA-4EF4-9907-C5AE807DE5E8}.Debug|Any CPU.Build.0 = Debug|Any CPU
		{FF30668A-E1EA-4EF4-9907-C5AE807DE5E8}.Release|Any CPU.ActiveCfg = Release|Any CPU
		{FF30668A-E1EA-4EF4-9907-C5AE807DE5E8}.Release|Any CPU.Build.0 = Release|Any CPU
		{3AF5AE46-FD0B-4429-8288-6F7DCA2AF23F}.Debug|Any CPU.ActiveCfg = Debug|Any CPU
		{3AF5AE46-FD0B-4429-8288-6F7DCA2AF23F}.Debug|Any CPU.Build.0 = Debug|Any CPU
		{3AF5AE46-FD0B-4429-8288-6F7DCA2AF23F}.Release|Any CPU.ActiveCfg = Release|Any CPU
		{3AF5AE46-FD0B-4429-8288-6F7DCA2AF23F}.Release|Any CPU.Build.0 = Release|Any CPU
		{7E51D8E4-DA75-4635-AE53-A8ED81976AD6}.Debug|Any CPU.ActiveCfg = Debug|Any CPU
		{7E51D8E4-DA75-4635-AE53-A8ED81976AD6}.Debug|Any CPU.Build.0 = Debug|Any CPU
		{7E51D8E4-DA75-4635-AE53-A8ED81976AD6}.Release|Any CPU.ActiveCfg = Release|Any CPU
		{7E51D8E4-DA75-4635-AE53-A8ED81976AD6}.Release|Any CPU.Build.0 = Release|Any CPU
		{06EB400D-04A5-453A-8E22-CC225FFCB345}.Debug|Any CPU.ActiveCfg = Debug|Any CPU
		{06EB400D-04A5-453A-8E22-CC225FFCB345}.Debug|Any CPU.Build.0 = Debug|Any CPU
		{06EB400D-04A5-453A-8E22-CC225FFCB345}.Release|Any CPU.ActiveCfg = Release|Any CPU
		{06EB400D-04A5-453A-8E22-CC225FFCB345}.Release|Any CPU.Build.0 = Release|Any CPU
		{ABE0ECC7-4E37-4E96-A73A-7B222150A437}.Debug|Any CPU.ActiveCfg = Debug|Any CPU
		{ABE0ECC7-4E37-4E96-A73A-7B222150A437}.Debug|Any CPU.Build.0 = Debug|Any CPU
		{ABE0ECC7-4E37-4E96-A73A-7B222150A437}.Release|Any CPU.ActiveCfg = Release|Any CPU
		{ABE0ECC7-4E37-4E96-A73A-7B222150A437}.Release|Any CPU.Build.0 = Release|Any CPU
		{56142BE4-0E55-47C8-BF6E-310A52A131FB}.Debug|Any CPU.ActiveCfg = Debug|Any CPU
		{56142BE4-0E55-47C8-BF6E-310A52A131FB}.Debug|Any CPU.Build.0 = Debug|Any CPU
		{56142BE4-0E55-47C8-BF6E-310A52A131FB}.Release|Any CPU.ActiveCfg = Release|Any CPU
		{56142BE4-0E55-47C8-BF6E-310A52A131FB}.Release|Any CPU.Build.0 = Release|Any CPU
		{4A997A4F-7AE9-4328-BF84-080C4553BA79}.Debug|Any CPU.ActiveCfg = Debug|Any CPU
		{4A997A4F-7AE9-4328-BF84-080C4553BA79}.Debug|Any CPU.Build.0 = Debug|Any CPU
		{4A997A4F-7AE9-4328-BF84-080C4553BA79}.Release|Any CPU.ActiveCfg = Release|Any CPU
		{4A997A4F-7AE9-4328-BF84-080C4553BA79}.Release|Any CPU.Build.0 = Release|Any CPU
		{B4FC3002-60D9-49FC-95AC-FB409C29DAD7}.Debug|Any CPU.ActiveCfg = Debug|Any CPU
		{B4FC3002-60D9-49FC-95AC-FB409C29DAD7}.Debug|Any CPU.Build.0 = Debug|Any CPU
		{B4FC3002-60D9-49FC-95AC-FB409C29DAD7}.Release|Any CPU.ActiveCfg = Release|Any CPU
		{B4FC3002-60D9-49FC-95AC-FB409C29DAD7}.Release|Any CPU.Build.0 = Release|Any CPU
		{1228E730-5A02-4265-9BDD-CD1892B45654}.Debug|Any CPU.ActiveCfg = Debug|Any CPU
		{1228E730-5A02-4265-9BDD-CD1892B45654}.Debug|Any CPU.Build.0 = Debug|Any CPU
		{1228E730-5A02-4265-9BDD-CD1892B45654}.Release|Any CPU.ActiveCfg = Release|Any CPU
		{1228E730-5A02-4265-9BDD-CD1892B45654}.Release|Any CPU.Build.0 = Release|Any CPU
		{818119E2-420D-4421-ABDC-8B2DF7C41206}.Debug|Any CPU.ActiveCfg = Debug|Any CPU
		{818119E2-420D-4421-ABDC-8B2DF7C41206}.Debug|Any CPU.Build.0 = Debug|Any CPU
		{818119E2-420D-4421-ABDC-8B2DF7C41206}.Release|Any CPU.ActiveCfg = Release|Any CPU
		{818119E2-420D-4421-ABDC-8B2DF7C41206}.Release|Any CPU.Build.0 = Release|Any CPU
		{F636B66C-4CB9-4616-9221-7A99E5852F39}.Debug|Any CPU.ActiveCfg = Debug|Any CPU
		{F636B66C-4CB9-4616-9221-7A99E5852F39}.Debug|Any CPU.Build.0 = Debug|Any CPU
		{F636B66C-4CB9-4616-9221-7A99E5852F39}.Release|Any CPU.ActiveCfg = Release|Any CPU
		{F636B66C-4CB9-4616-9221-7A99E5852F39}.Release|Any CPU.Build.0 = Release|Any CPU
		{2D6DEEA1-DB8E-47E7-8588-A368320BCA0E}.Debug|Any CPU.ActiveCfg = Debug|Any CPU
		{2D6DEEA1-DB8E-47E7-8588-A368320BCA0E}.Debug|Any CPU.Build.0 = Debug|Any CPU
		{2D6DEEA1-DB8E-47E7-8588-A368320BCA0E}.Release|Any CPU.ActiveCfg = Release|Any CPU
		{2D6DEEA1-DB8E-47E7-8588-A368320BCA0E}.Release|Any CPU.Build.0 = Release|Any CPU
		{038EEEEE-AFB1-4591-9A7D-5B95403B30C6}.Debug|Any CPU.ActiveCfg = Debug|Any CPU
		{038EEEEE-AFB1-4591-9A7D-5B95403B30C6}.Debug|Any CPU.Build.0 = Debug|Any CPU
		{038EEEEE-AFB1-4591-9A7D-5B95403B30C6}.Release|Any CPU.ActiveCfg = Release|Any CPU
		{038EEEEE-AFB1-4591-9A7D-5B95403B30C6}.Release|Any CPU.Build.0 = Release|Any CPU
		{A62744E1-F229-4944-AEB5-0FFC1DD8AA62}.Debug|Any CPU.ActiveCfg = Debug|Any CPU
		{A62744E1-F229-4944-AEB5-0FFC1DD8AA62}.Debug|Any CPU.Build.0 = Debug|Any CPU
		{A62744E1-F229-4944-AEB5-0FFC1DD8AA62}.Release|Any CPU.ActiveCfg = Release|Any CPU
		{A62744E1-F229-4944-AEB5-0FFC1DD8AA62}.Release|Any CPU.Build.0 = Release|Any CPU
		{5FDF3166-6081-4122-A5DC-4CEFF78B06A3}.Debug|Any CPU.ActiveCfg = Debug|Any CPU
		{5FDF3166-6081-4122-A5DC-4CEFF78B06A3}.Debug|Any CPU.Build.0 = Debug|Any CPU
		{5FDF3166-6081-4122-A5DC-4CEFF78B06A3}.Release|Any CPU.ActiveCfg = Release|Any CPU
		{5FDF3166-6081-4122-A5DC-4CEFF78B06A3}.Release|Any CPU.Build.0 = Release|Any CPU
		{5CF52585-68DB-48B2-9C4C-1BFD5D15A040}.Debug|Any CPU.ActiveCfg = Debug|Any CPU
		{5CF52585-68DB-48B2-9C4C-1BFD5D15A040}.Debug|Any CPU.Build.0 = Debug|Any CPU
		{5CF52585-68DB-48B2-9C4C-1BFD5D15A040}.Release|Any CPU.ActiveCfg = Release|Any CPU
		{5CF52585-68DB-48B2-9C4C-1BFD5D15A040}.Release|Any CPU.Build.0 = Release|Any CPU
		{03987329-FB07-432F-8D53-A910A296EE5D}.Debug|Any CPU.ActiveCfg = Debug|Any CPU
		{03987329-FB07-432F-8D53-A910A296EE5D}.Debug|Any CPU.Build.0 = Debug|Any CPU
		{03987329-FB07-432F-8D53-A910A296EE5D}.Release|Any CPU.ActiveCfg = Release|Any CPU
		{03987329-FB07-432F-8D53-A910A296EE5D}.Release|Any CPU.Build.0 = Release|Any CPU
		{7D5CD2C6-C6BF-42BB-A89A-0851786F92DE}.Debug|Any CPU.ActiveCfg = Debug|Any CPU
		{7D5CD2C6-C6BF-42BB-A89A-0851786F92DE}.Debug|Any CPU.Build.0 = Debug|Any CPU
		{7D5CD2C6-C6BF-42BB-A89A-0851786F92DE}.Release|Any CPU.ActiveCfg = Release|Any CPU
		{7D5CD2C6-C6BF-42BB-A89A-0851786F92DE}.Release|Any CPU.Build.0 = Release|Any CPU
		{06CFF45D-2C5A-4EAB-A604-E5431AD017AE}.Debug|Any CPU.ActiveCfg = Debug|Any CPU
		{06CFF45D-2C5A-4EAB-A604-E5431AD017AE}.Debug|Any CPU.Build.0 = Debug|Any CPU
		{06CFF45D-2C5A-4EAB-A604-E5431AD017AE}.Release|Any CPU.ActiveCfg = Release|Any CPU
		{06CFF45D-2C5A-4EAB-A604-E5431AD017AE}.Release|Any CPU.Build.0 = Release|Any CPU
		{65B229D4-4139-4375-9333-B5F8750AA072}.Debug|Any CPU.ActiveCfg = Debug|Any CPU
		{65B229D4-4139-4375-9333-B5F8750AA072}.Debug|Any CPU.Build.0 = Debug|Any CPU
		{65B229D4-4139-4375-9333-B5F8750AA072}.Release|Any CPU.ActiveCfg = Release|Any CPU
		{65B229D4-4139-4375-9333-B5F8750AA072}.Release|Any CPU.Build.0 = Release|Any CPU
		{CCFF82F3-2E77-4E39-A072-1B195EBE7C60}.Debug|Any CPU.ActiveCfg = Debug|Any CPU
		{CCFF82F3-2E77-4E39-A072-1B195EBE7C60}.Debug|Any CPU.Build.0 = Debug|Any CPU
		{CCFF82F3-2E77-4E39-A072-1B195EBE7C60}.Release|Any CPU.ActiveCfg = Release|Any CPU
		{CCFF82F3-2E77-4E39-A072-1B195EBE7C60}.Release|Any CPU.Build.0 = Release|Any CPU
		{C609E475-0D3C-4C47-AFEF-E776961A69AF}.Debug|Any CPU.ActiveCfg = Debug|Any CPU
		{C609E475-0D3C-4C47-AFEF-E776961A69AF}.Debug|Any CPU.Build.0 = Debug|Any CPU
		{C609E475-0D3C-4C47-AFEF-E776961A69AF}.Release|Any CPU.ActiveCfg = Release|Any CPU
		{C609E475-0D3C-4C47-AFEF-E776961A69AF}.Release|Any CPU.Build.0 = Release|Any CPU
		{34F984D7-A984-40A1-A894-CC35D989308D}.Debug|Any CPU.ActiveCfg = Debug|Any CPU
		{34F984D7-A984-40A1-A894-CC35D989308D}.Debug|Any CPU.Build.0 = Debug|Any CPU
		{34F984D7-A984-40A1-A894-CC35D989308D}.Release|Any CPU.ActiveCfg = Release|Any CPU
		{34F984D7-A984-40A1-A894-CC35D989308D}.Release|Any CPU.Build.0 = Release|Any CPU
		{A13042A6-02F7-40DB-9703-C700B9ED4498}.Debug|Any CPU.ActiveCfg = Debug|Any CPU
		{A13042A6-02F7-40DB-9703-C700B9ED4498}.Debug|Any CPU.Build.0 = Debug|Any CPU
		{A13042A6-02F7-40DB-9703-C700B9ED4498}.Release|Any CPU.ActiveCfg = Release|Any CPU
		{A13042A6-02F7-40DB-9703-C700B9ED4498}.Release|Any CPU.Build.0 = Release|Any CPU
		{678E03DF-A0BB-4FD8-92A3-EDFA4297EBC1}.Debug|Any CPU.ActiveCfg = Debug|Any CPU
		{678E03DF-A0BB-4FD8-92A3-EDFA4297EBC1}.Debug|Any CPU.Build.0 = Debug|Any CPU
		{678E03DF-A0BB-4FD8-92A3-EDFA4297EBC1}.Release|Any CPU.ActiveCfg = Release|Any CPU
		{678E03DF-A0BB-4FD8-92A3-EDFA4297EBC1}.Release|Any CPU.Build.0 = Release|Any CPU
		{C1B205F8-D3A0-45F5-BD44-CA95F8CFE0B3}.Debug|Any CPU.ActiveCfg = Debug|Any CPU
		{C1B205F8-D3A0-45F5-BD44-CA95F8CFE0B3}.Debug|Any CPU.Build.0 = Debug|Any CPU
		{C1B205F8-D3A0-45F5-BD44-CA95F8CFE0B3}.Release|Any CPU.ActiveCfg = Release|Any CPU
		{C1B205F8-D3A0-45F5-BD44-CA95F8CFE0B3}.Release|Any CPU.Build.0 = Release|Any CPU
		{DEDEB70B-5AC2-4625-8B1A-461647D92058}.Debug|Any CPU.ActiveCfg = Debug|Any CPU
		{DEDEB70B-5AC2-4625-8B1A-461647D92058}.Debug|Any CPU.Build.0 = Debug|Any CPU
		{DEDEB70B-5AC2-4625-8B1A-461647D92058}.Release|Any CPU.ActiveCfg = Release|Any CPU
		{DEDEB70B-5AC2-4625-8B1A-461647D92058}.Release|Any CPU.Build.0 = Release|Any CPU
		{1EEA96B8-E73A-4C40-8C95-834C39A226A9}.Debug|Any CPU.ActiveCfg = Debug|Any CPU
		{1EEA96B8-E73A-4C40-8C95-834C39A226A9}.Debug|Any CPU.Build.0 = Debug|Any CPU
		{1EEA96B8-E73A-4C40-8C95-834C39A226A9}.Release|Any CPU.ActiveCfg = Release|Any CPU
		{1EEA96B8-E73A-4C40-8C95-834C39A226A9}.Release|Any CPU.Build.0 = Release|Any CPU
		{B7957460-D683-43DC-8B30-944971F50CDB}.Debug|Any CPU.ActiveCfg = Debug|Any CPU
		{B7957460-D683-43DC-8B30-944971F50CDB}.Debug|Any CPU.Build.0 = Debug|Any CPU
		{B7957460-D683-43DC-8B30-944971F50CDB}.Release|Any CPU.ActiveCfg = Release|Any CPU
		{B7957460-D683-43DC-8B30-944971F50CDB}.Release|Any CPU.Build.0 = Release|Any CPU
		{F09B9ADE-3640-4E1D-BBAE-118EE3A1FC23}.Debug|Any CPU.ActiveCfg = Debug|Any CPU
		{F09B9ADE-3640-4E1D-BBAE-118EE3A1FC23}.Debug|Any CPU.Build.0 = Debug|Any CPU
		{F09B9ADE-3640-4E1D-BBAE-118EE3A1FC23}.Release|Any CPU.ActiveCfg = Release|Any CPU
		{F09B9ADE-3640-4E1D-BBAE-118EE3A1FC23}.Release|Any CPU.Build.0 = Release|Any CPU
		{3EB1362D-4B0F-47B9-B725-071676FF32FF}.Debug|Any CPU.ActiveCfg = Debug|Any CPU
		{3EB1362D-4B0F-47B9-B725-071676FF32FF}.Debug|Any CPU.Build.0 = Debug|Any CPU
		{3EB1362D-4B0F-47B9-B725-071676FF32FF}.Release|Any CPU.ActiveCfg = Release|Any CPU
		{3EB1362D-4B0F-47B9-B725-071676FF32FF}.Release|Any CPU.Build.0 = Release|Any CPU
		{EAAAA299-7201-4CD5-A3C8-790BBD5BD643}.Debug|Any CPU.ActiveCfg = Debug|Any CPU
		{EAAAA299-7201-4CD5-A3C8-790BBD5BD643}.Debug|Any CPU.Build.0 = Debug|Any CPU
		{EAAAA299-7201-4CD5-A3C8-790BBD5BD643}.Release|Any CPU.ActiveCfg = Release|Any CPU
		{EAAAA299-7201-4CD5-A3C8-790BBD5BD643}.Release|Any CPU.Build.0 = Release|Any CPU
		{E0664409-50E7-436B-AC93-6CFF4065AE98}.Debug|Any CPU.ActiveCfg = Debug|Any CPU
		{E0664409-50E7-436B-AC93-6CFF4065AE98}.Debug|Any CPU.Build.0 = Debug|Any CPU
		{E0664409-50E7-436B-AC93-6CFF4065AE98}.Release|Any CPU.ActiveCfg = Release|Any CPU
		{E0664409-50E7-436B-AC93-6CFF4065AE98}.Release|Any CPU.Build.0 = Release|Any CPU
		{9AFB261B-9956-44C9-90B2-ACF04E87FCEC}.Debug|Any CPU.ActiveCfg = Debug|Any CPU
		{9AFB261B-9956-44C9-90B2-ACF04E87FCEC}.Debug|Any CPU.Build.0 = Debug|Any CPU
		{9AFB261B-9956-44C9-90B2-ACF04E87FCEC}.Release|Any CPU.ActiveCfg = Release|Any CPU
		{9AFB261B-9956-44C9-90B2-ACF04E87FCEC}.Release|Any CPU.Build.0 = Release|Any CPU
		{85F87524-5EF2-4B5D-AAA0-C08D399F8360}.Debug|Any CPU.ActiveCfg = Debug|Any CPU
		{85F87524-5EF2-4B5D-AAA0-C08D399F8360}.Debug|Any CPU.Build.0 = Debug|Any CPU
		{85F87524-5EF2-4B5D-AAA0-C08D399F8360}.Release|Any CPU.ActiveCfg = Release|Any CPU
		{85F87524-5EF2-4B5D-AAA0-C08D399F8360}.Release|Any CPU.Build.0 = Release|Any CPU
		{455817BB-1B8F-446E-A126-EB7A133BAE34}.Debug|Any CPU.ActiveCfg = Debug|Any CPU
		{455817BB-1B8F-446E-A126-EB7A133BAE34}.Debug|Any CPU.Build.0 = Debug|Any CPU
		{455817BB-1B8F-446E-A126-EB7A133BAE34}.Release|Any CPU.ActiveCfg = Release|Any CPU
		{455817BB-1B8F-446E-A126-EB7A133BAE34}.Release|Any CPU.Build.0 = Release|Any CPU
		{E130B85D-5819-4E1F-800A-8F46BFC39381}.Debug|Any CPU.ActiveCfg = Debug|Any CPU
		{E130B85D-5819-4E1F-800A-8F46BFC39381}.Debug|Any CPU.Build.0 = Debug|Any CPU
		{E130B85D-5819-4E1F-800A-8F46BFC39381}.Release|Any CPU.ActiveCfg = Release|Any CPU
		{E130B85D-5819-4E1F-800A-8F46BFC39381}.Release|Any CPU.Build.0 = Release|Any CPU
		{A2F2C141-EDF0-498D-9E2B-D9C080EBD3B8}.Debug|Any CPU.ActiveCfg = Debug|Any CPU
		{A2F2C141-EDF0-498D-9E2B-D9C080EBD3B8}.Debug|Any CPU.Build.0 = Debug|Any CPU
		{A2F2C141-EDF0-498D-9E2B-D9C080EBD3B8}.Release|Any CPU.ActiveCfg = Release|Any CPU
		{A2F2C141-EDF0-498D-9E2B-D9C080EBD3B8}.Release|Any CPU.Build.0 = Release|Any CPU
		{5E077590-9B85-414A-BEB8-E29B13E60385}.Debug|Any CPU.ActiveCfg = Debug|Any CPU
		{5E077590-9B85-414A-BEB8-E29B13E60385}.Debug|Any CPU.Build.0 = Debug|Any CPU
		{5E077590-9B85-414A-BEB8-E29B13E60385}.Release|Any CPU.ActiveCfg = Release|Any CPU
		{5E077590-9B85-414A-BEB8-E29B13E60385}.Release|Any CPU.Build.0 = Release|Any CPU
		{04EDF2B9-67F3-46C2-98E5-B1579F29BFE5}.Debug|Any CPU.ActiveCfg = Debug|Any CPU
		{04EDF2B9-67F3-46C2-98E5-B1579F29BFE5}.Debug|Any CPU.Build.0 = Debug|Any CPU
		{04EDF2B9-67F3-46C2-98E5-B1579F29BFE5}.Release|Any CPU.ActiveCfg = Release|Any CPU
		{04EDF2B9-67F3-46C2-98E5-B1579F29BFE5}.Release|Any CPU.Build.0 = Release|Any CPU
		{431E2946-CEED-4F53-A5E4-1EF7AFB3B117}.Debug|Any CPU.ActiveCfg = Debug|Any CPU
		{431E2946-CEED-4F53-A5E4-1EF7AFB3B117}.Debug|Any CPU.Build.0 = Debug|Any CPU
		{431E2946-CEED-4F53-A5E4-1EF7AFB3B117}.Release|Any CPU.ActiveCfg = Release|Any CPU
		{431E2946-CEED-4F53-A5E4-1EF7AFB3B117}.Release|Any CPU.Build.0 = Release|Any CPU
		{6CABD99C-F3DF-4757-BBA8-9F846799FAF6}.Debug|Any CPU.ActiveCfg = Debug|Any CPU
		{6CABD99C-F3DF-4757-BBA8-9F846799FAF6}.Debug|Any CPU.Build.0 = Debug|Any CPU
		{6CABD99C-F3DF-4757-BBA8-9F846799FAF6}.Release|Any CPU.ActiveCfg = Release|Any CPU
		{6CABD99C-F3DF-4757-BBA8-9F846799FAF6}.Release|Any CPU.Build.0 = Release|Any CPU
		{2AABBBDF-777E-4008-8C74-8F063C274CBB}.Debug|Any CPU.ActiveCfg = Debug|Any CPU
		{2AABBBDF-777E-4008-8C74-8F063C274CBB}.Debug|Any CPU.Build.0 = Debug|Any CPU
		{2AABBBDF-777E-4008-8C74-8F063C274CBB}.Release|Any CPU.ActiveCfg = Release|Any CPU
		{2AABBBDF-777E-4008-8C74-8F063C274CBB}.Release|Any CPU.Build.0 = Release|Any CPU
		{EC7B4C35-9045-4767-9752-20BA3D2B44EE}.Debug|Any CPU.ActiveCfg = Debug|Any CPU
		{EC7B4C35-9045-4767-9752-20BA3D2B44EE}.Debug|Any CPU.Build.0 = Debug|Any CPU
		{EC7B4C35-9045-4767-9752-20BA3D2B44EE}.Release|Any CPU.ActiveCfg = Release|Any CPU
		{EC7B4C35-9045-4767-9752-20BA3D2B44EE}.Release|Any CPU.Build.0 = Release|Any CPU
		{FB7D34DE-3F08-4E94-908A-D4B9BEE2F065}.Debug|Any CPU.ActiveCfg = Debug|Any CPU
		{FB7D34DE-3F08-4E94-908A-D4B9BEE2F065}.Debug|Any CPU.Build.0 = Debug|Any CPU
		{FB7D34DE-3F08-4E94-908A-D4B9BEE2F065}.Release|Any CPU.ActiveCfg = Release|Any CPU
		{FB7D34DE-3F08-4E94-908A-D4B9BEE2F065}.Release|Any CPU.Build.0 = Release|Any CPU
		{29B84BFC-0E28-4FB4-A1D6-9E48444030B8}.Debug|Any CPU.ActiveCfg = Debug|Any CPU
		{29B84BFC-0E28-4FB4-A1D6-9E48444030B8}.Debug|Any CPU.Build.0 = Debug|Any CPU
		{29B84BFC-0E28-4FB4-A1D6-9E48444030B8}.Release|Any CPU.ActiveCfg = Release|Any CPU
		{29B84BFC-0E28-4FB4-A1D6-9E48444030B8}.Release|Any CPU.Build.0 = Release|Any CPU
		{381C66AA-975C-437E-BFCD-0B20A5883FB0}.Debug|Any CPU.ActiveCfg = Debug|Any CPU
		{381C66AA-975C-437E-BFCD-0B20A5883FB0}.Debug|Any CPU.Build.0 = Debug|Any CPU
		{381C66AA-975C-437E-BFCD-0B20A5883FB0}.Release|Any CPU.ActiveCfg = Release|Any CPU
		{381C66AA-975C-437E-BFCD-0B20A5883FB0}.Release|Any CPU.Build.0 = Release|Any CPU
		{9471D711-378C-429B-B944-AB053F8EFBC9}.Debug|Any CPU.ActiveCfg = Debug|Any CPU
		{9471D711-378C-429B-B944-AB053F8EFBC9}.Debug|Any CPU.Build.0 = Debug|Any CPU
		{9471D711-378C-429B-B944-AB053F8EFBC9}.Release|Any CPU.ActiveCfg = Release|Any CPU
		{9471D711-378C-429B-B944-AB053F8EFBC9}.Release|Any CPU.Build.0 = Release|Any CPU
		{B7EE1BBF-6472-46BC-8F1C-6EC3C25B6C27}.Debug|Any CPU.ActiveCfg = Debug|Any CPU
		{B7EE1BBF-6472-46BC-8F1C-6EC3C25B6C27}.Debug|Any CPU.Build.0 = Debug|Any CPU
		{B7EE1BBF-6472-46BC-8F1C-6EC3C25B6C27}.Release|Any CPU.ActiveCfg = Release|Any CPU
		{B7EE1BBF-6472-46BC-8F1C-6EC3C25B6C27}.Release|Any CPU.Build.0 = Release|Any CPU
		{A176FDEA-66E7-4C7A-A054-4B20D5F62C58}.Debug|Any CPU.ActiveCfg = Debug|Any CPU
		{A176FDEA-66E7-4C7A-A054-4B20D5F62C58}.Debug|Any CPU.Build.0 = Debug|Any CPU
		{A176FDEA-66E7-4C7A-A054-4B20D5F62C58}.Release|Any CPU.ActiveCfg = Release|Any CPU
		{A176FDEA-66E7-4C7A-A054-4B20D5F62C58}.Release|Any CPU.Build.0 = Release|Any CPU
		{AF980CCC-68C4-48A3-B5E9-2925D372B657}.Debug|Any CPU.ActiveCfg = Debug|Any CPU
		{AF980CCC-68C4-48A3-B5E9-2925D372B657}.Debug|Any CPU.Build.0 = Debug|Any CPU
		{AF980CCC-68C4-48A3-B5E9-2925D372B657}.Release|Any CPU.ActiveCfg = Release|Any CPU
		{AF980CCC-68C4-48A3-B5E9-2925D372B657}.Release|Any CPU.Build.0 = Release|Any CPU
		{FDFBDA4E-20BC-4707-AB1E-6C195D8D31AB}.Debug|Any CPU.ActiveCfg = Debug|Any CPU
		{FDFBDA4E-20BC-4707-AB1E-6C195D8D31AB}.Debug|Any CPU.Build.0 = Debug|Any CPU
		{FDFBDA4E-20BC-4707-AB1E-6C195D8D31AB}.Release|Any CPU.ActiveCfg = Release|Any CPU
		{FDFBDA4E-20BC-4707-AB1E-6C195D8D31AB}.Release|Any CPU.Build.0 = Release|Any CPU
		{7BB5BBE7-6CFC-4E2C-9AC9-8150C5C6EB69}.Debug|Any CPU.ActiveCfg = Debug|Any CPU
		{7BB5BBE7-6CFC-4E2C-9AC9-8150C5C6EB69}.Debug|Any CPU.Build.0 = Debug|Any CPU
		{7BB5BBE7-6CFC-4E2C-9AC9-8150C5C6EB69}.Release|Any CPU.ActiveCfg = Release|Any CPU
		{7BB5BBE7-6CFC-4E2C-9AC9-8150C5C6EB69}.Release|Any CPU.Build.0 = Release|Any CPU
		{B3D5CAEB-585F-4D03-B481-8967C9551FF0}.Debug|Any CPU.ActiveCfg = Debug|Any CPU
		{B3D5CAEB-585F-4D03-B481-8967C9551FF0}.Debug|Any CPU.Build.0 = Debug|Any CPU
		{B3D5CAEB-585F-4D03-B481-8967C9551FF0}.Release|Any CPU.ActiveCfg = Release|Any CPU
		{B3D5CAEB-585F-4D03-B481-8967C9551FF0}.Release|Any CPU.Build.0 = Release|Any CPU
		{C062A3DE-BCE9-4D10-9268-7FCA1411350F}.Debug|Any CPU.ActiveCfg = Debug|Any CPU
		{C062A3DE-BCE9-4D10-9268-7FCA1411350F}.Debug|Any CPU.Build.0 = Debug|Any CPU
		{C062A3DE-BCE9-4D10-9268-7FCA1411350F}.Release|Any CPU.ActiveCfg = Release|Any CPU
		{C062A3DE-BCE9-4D10-9268-7FCA1411350F}.Release|Any CPU.Build.0 = Release|Any CPU
		{4581B1B5-36F7-4EE5-ADA4-B4488BB90F51}.Debug|Any CPU.ActiveCfg = Debug|Any CPU
		{4581B1B5-36F7-4EE5-ADA4-B4488BB90F51}.Debug|Any CPU.Build.0 = Debug|Any CPU
		{4581B1B5-36F7-4EE5-ADA4-B4488BB90F51}.Release|Any CPU.ActiveCfg = Release|Any CPU
		{4581B1B5-36F7-4EE5-ADA4-B4488BB90F51}.Release|Any CPU.Build.0 = Release|Any CPU
		{69821AF4-7D49-4DEC-B7F8-CC623A19C993}.Debug|Any CPU.ActiveCfg = Debug|Any CPU
		{69821AF4-7D49-4DEC-B7F8-CC623A19C993}.Debug|Any CPU.Build.0 = Debug|Any CPU
		{69821AF4-7D49-4DEC-B7F8-CC623A19C993}.Release|Any CPU.ActiveCfg = Release|Any CPU
		{69821AF4-7D49-4DEC-B7F8-CC623A19C993}.Release|Any CPU.Build.0 = Release|Any CPU
		{1B43516E-A4F9-475A-AD30-3543FD23B8B1}.Debug|Any CPU.ActiveCfg = Debug|Any CPU
		{1B43516E-A4F9-475A-AD30-3543FD23B8B1}.Debug|Any CPU.Build.0 = Debug|Any CPU
		{1B43516E-A4F9-475A-AD30-3543FD23B8B1}.Release|Any CPU.ActiveCfg = Release|Any CPU
		{1B43516E-A4F9-475A-AD30-3543FD23B8B1}.Release|Any CPU.Build.0 = Release|Any CPU
		{C9925DB1-811F-4736-BB06-8515264C4FBF}.Debug|Any CPU.ActiveCfg = Debug|Any CPU
		{C9925DB1-811F-4736-BB06-8515264C4FBF}.Debug|Any CPU.Build.0 = Debug|Any CPU
		{C9925DB1-811F-4736-BB06-8515264C4FBF}.Release|Any CPU.ActiveCfg = Release|Any CPU
		{C9925DB1-811F-4736-BB06-8515264C4FBF}.Release|Any CPU.Build.0 = Release|Any CPU
		{B5249F00-FE84-4E69-90AC-F8DF77DB2B29}.Debug|Any CPU.ActiveCfg = Debug|Any CPU
		{B5249F00-FE84-4E69-90AC-F8DF77DB2B29}.Debug|Any CPU.Build.0 = Debug|Any CPU
		{B5249F00-FE84-4E69-90AC-F8DF77DB2B29}.Release|Any CPU.ActiveCfg = Release|Any CPU
		{B5249F00-FE84-4E69-90AC-F8DF77DB2B29}.Release|Any CPU.Build.0 = Release|Any CPU
		{A7DD2C87-9217-4E15-89A1-F5B91641F132}.Debug|Any CPU.ActiveCfg = Debug|Any CPU
		{A7DD2C87-9217-4E15-89A1-F5B91641F132}.Debug|Any CPU.Build.0 = Debug|Any CPU
		{A7DD2C87-9217-4E15-89A1-F5B91641F132}.Release|Any CPU.ActiveCfg = Release|Any CPU
		{A7DD2C87-9217-4E15-89A1-F5B91641F132}.Release|Any CPU.Build.0 = Release|Any CPU
		{BBE21D1C-6B81-4770-A4C6-62ACBEE57667}.Debug|Any CPU.ActiveCfg = Debug|Any CPU
		{BBE21D1C-6B81-4770-A4C6-62ACBEE57667}.Debug|Any CPU.Build.0 = Debug|Any CPU
		{BBE21D1C-6B81-4770-A4C6-62ACBEE57667}.Release|Any CPU.ActiveCfg = Release|Any CPU
		{BBE21D1C-6B81-4770-A4C6-62ACBEE57667}.Release|Any CPU.Build.0 = Release|Any CPU
		{40666688-E4CD-4EB6-8C5F-5550F0C47FD8}.Debug|Any CPU.ActiveCfg = Debug|Any CPU
		{40666688-E4CD-4EB6-8C5F-5550F0C47FD8}.Debug|Any CPU.Build.0 = Debug|Any CPU
		{40666688-E4CD-4EB6-8C5F-5550F0C47FD8}.Release|Any CPU.ActiveCfg = Release|Any CPU
		{40666688-E4CD-4EB6-8C5F-5550F0C47FD8}.Release|Any CPU.Build.0 = Release|Any CPU
		{AFE3CA61-AB42-45EC-911D-A2A08CF5E30F}.Debug|Any CPU.ActiveCfg = Debug|Any CPU
		{AFE3CA61-AB42-45EC-911D-A2A08CF5E30F}.Debug|Any CPU.Build.0 = Debug|Any CPU
		{AFE3CA61-AB42-45EC-911D-A2A08CF5E30F}.Release|Any CPU.ActiveCfg = Release|Any CPU
		{AFE3CA61-AB42-45EC-911D-A2A08CF5E30F}.Release|Any CPU.Build.0 = Release|Any CPU
		{39AF474C-DD45-416B-9188-8402DCA4135E}.Debug|Any CPU.ActiveCfg = Debug|Any CPU
		{39AF474C-DD45-416B-9188-8402DCA4135E}.Debug|Any CPU.Build.0 = Debug|Any CPU
		{39AF474C-DD45-416B-9188-8402DCA4135E}.Release|Any CPU.ActiveCfg = Release|Any CPU
		{39AF474C-DD45-416B-9188-8402DCA4135E}.Release|Any CPU.Build.0 = Release|Any CPU
		{47C73F8E-ED83-44B8-8D41-5E86A314DCC7}.Debug|Any CPU.ActiveCfg = Debug|Any CPU
		{47C73F8E-ED83-44B8-8D41-5E86A314DCC7}.Debug|Any CPU.Build.0 = Debug|Any CPU
		{47C73F8E-ED83-44B8-8D41-5E86A314DCC7}.Release|Any CPU.ActiveCfg = Release|Any CPU
		{47C73F8E-ED83-44B8-8D41-5E86A314DCC7}.Release|Any CPU.Build.0 = Release|Any CPU
		{52F604D7-970D-4C89-952A-98558416D4DC}.Debug|Any CPU.ActiveCfg = Debug|Any CPU
		{52F604D7-970D-4C89-952A-98558416D4DC}.Debug|Any CPU.Build.0 = Debug|Any CPU
		{52F604D7-970D-4C89-952A-98558416D4DC}.Release|Any CPU.ActiveCfg = Release|Any CPU
		{52F604D7-970D-4C89-952A-98558416D4DC}.Release|Any CPU.Build.0 = Release|Any CPU
		{B4C6F6CD-EA23-4A2C-BD52-DA8ED3ED3D6A}.Debug|Any CPU.ActiveCfg = Debug|Any CPU
		{B4C6F6CD-EA23-4A2C-BD52-DA8ED3ED3D6A}.Debug|Any CPU.Build.0 = Debug|Any CPU
		{B4C6F6CD-EA23-4A2C-BD52-DA8ED3ED3D6A}.Release|Any CPU.ActiveCfg = Release|Any CPU
		{B4C6F6CD-EA23-4A2C-BD52-DA8ED3ED3D6A}.Release|Any CPU.Build.0 = Release|Any CPU
		{037C4D43-D302-41E8-BCE0-E17D716D632A}.Debug|Any CPU.ActiveCfg = Debug|Any CPU
		{037C4D43-D302-41E8-BCE0-E17D716D632A}.Debug|Any CPU.Build.0 = Debug|Any CPU
		{037C4D43-D302-41E8-BCE0-E17D716D632A}.Release|Any CPU.ActiveCfg = Release|Any CPU
		{037C4D43-D302-41E8-BCE0-E17D716D632A}.Release|Any CPU.Build.0 = Release|Any CPU
		{7060FDBE-75CD-4395-A32C-6B0E44017E26}.Debug|Any CPU.ActiveCfg = Debug|Any CPU
		{7060FDBE-75CD-4395-A32C-6B0E44017E26}.Debug|Any CPU.Build.0 = Debug|Any CPU
		{7060FDBE-75CD-4395-A32C-6B0E44017E26}.Release|Any CPU.ActiveCfg = Release|Any CPU
		{7060FDBE-75CD-4395-A32C-6B0E44017E26}.Release|Any CPU.Build.0 = Release|Any CPU
		{44309168-DE7C-465C-9CB7-E66547D8BD89}.Debug|Any CPU.ActiveCfg = Debug|Any CPU
		{44309168-DE7C-465C-9CB7-E66547D8BD89}.Debug|Any CPU.Build.0 = Debug|Any CPU
		{44309168-DE7C-465C-9CB7-E66547D8BD89}.Release|Any CPU.ActiveCfg = Release|Any CPU
		{44309168-DE7C-465C-9CB7-E66547D8BD89}.Release|Any CPU.Build.0 = Release|Any CPU
		{99C646A0-4BE3-4455-A0C1-9C9FA7040C02}.Debug|Any CPU.ActiveCfg = Debug|Any CPU
		{99C646A0-4BE3-4455-A0C1-9C9FA7040C02}.Debug|Any CPU.Build.0 = Debug|Any CPU
		{99C646A0-4BE3-4455-A0C1-9C9FA7040C02}.Release|Any CPU.ActiveCfg = Release|Any CPU
		{99C646A0-4BE3-4455-A0C1-9C9FA7040C02}.Release|Any CPU.Build.0 = Release|Any CPU
		{02F828E2-8F99-4E63-B45E-F15E987D42DE}.Debug|Any CPU.ActiveCfg = Debug|Any CPU
		{02F828E2-8F99-4E63-B45E-F15E987D42DE}.Debug|Any CPU.Build.0 = Debug|Any CPU
		{02F828E2-8F99-4E63-B45E-F15E987D42DE}.Release|Any CPU.ActiveCfg = Release|Any CPU
		{02F828E2-8F99-4E63-B45E-F15E987D42DE}.Release|Any CPU.Build.0 = Release|Any CPU
		{EDD8032D-5FF4-43A3-8528-98086DFA5B4D}.Debug|Any CPU.ActiveCfg = Debug|Any CPU
		{EDD8032D-5FF4-43A3-8528-98086DFA5B4D}.Debug|Any CPU.Build.0 = Debug|Any CPU
		{EDD8032D-5FF4-43A3-8528-98086DFA5B4D}.Release|Any CPU.ActiveCfg = Release|Any CPU
		{EDD8032D-5FF4-43A3-8528-98086DFA5B4D}.Release|Any CPU.Build.0 = Release|Any CPU
		{B2746360-1F33-45D3-9D05-5B39FA1A13C7}.Debug|Any CPU.ActiveCfg = Debug|Any CPU
		{B2746360-1F33-45D3-9D05-5B39FA1A13C7}.Debug|Any CPU.Build.0 = Debug|Any CPU
		{B2746360-1F33-45D3-9D05-5B39FA1A13C7}.Release|Any CPU.ActiveCfg = Release|Any CPU
		{B2746360-1F33-45D3-9D05-5B39FA1A13C7}.Release|Any CPU.Build.0 = Release|Any CPU
		{D6D26922-B69A-478C-9B88-4801145CF778}.Debug|Any CPU.ActiveCfg = Debug|Any CPU
		{D6D26922-B69A-478C-9B88-4801145CF778}.Debug|Any CPU.Build.0 = Debug|Any CPU
		{D6D26922-B69A-478C-9B88-4801145CF778}.Release|Any CPU.ActiveCfg = Release|Any CPU
		{D6D26922-B69A-478C-9B88-4801145CF778}.Release|Any CPU.Build.0 = Release|Any CPU
		{5A253414-A129-4076-81EA-EC6331167302}.Debug|Any CPU.ActiveCfg = Debug|Any CPU
		{5A253414-A129-4076-81EA-EC6331167302}.Debug|Any CPU.Build.0 = Debug|Any CPU
		{5A253414-A129-4076-81EA-EC6331167302}.Release|Any CPU.ActiveCfg = Release|Any CPU
		{5A253414-A129-4076-81EA-EC6331167302}.Release|Any CPU.Build.0 = Release|Any CPU
		{85486E9E-DD77-4704-BE6F-401D4AE5FC23}.Debug|Any CPU.ActiveCfg = Debug|Any CPU
		{85486E9E-DD77-4704-BE6F-401D4AE5FC23}.Debug|Any CPU.Build.0 = Debug|Any CPU
		{85486E9E-DD77-4704-BE6F-401D4AE5FC23}.Release|Any CPU.ActiveCfg = Release|Any CPU
		{85486E9E-DD77-4704-BE6F-401D4AE5FC23}.Release|Any CPU.Build.0 = Release|Any CPU
		{D85B9CCD-9F18-4F86-A248-C8B216E69D59}.Debug|Any CPU.ActiveCfg = Debug|Any CPU
		{D85B9CCD-9F18-4F86-A248-C8B216E69D59}.Debug|Any CPU.Build.0 = Debug|Any CPU
		{D85B9CCD-9F18-4F86-A248-C8B216E69D59}.Release|Any CPU.ActiveCfg = Release|Any CPU
		{D85B9CCD-9F18-4F86-A248-C8B216E69D59}.Release|Any CPU.Build.0 = Release|Any CPU
		{C0921120-444B-4399-AD00-C204345827A0}.Debug|Any CPU.ActiveCfg = Debug|Any CPU
		{C0921120-444B-4399-AD00-C204345827A0}.Debug|Any CPU.Build.0 = Debug|Any CPU
		{C0921120-444B-4399-AD00-C204345827A0}.Release|Any CPU.ActiveCfg = Release|Any CPU
		{C0921120-444B-4399-AD00-C204345827A0}.Release|Any CPU.Build.0 = Release|Any CPU
		{6ACF60AB-D352-4EDC-B258-62F774B7DB89}.Debug|Any CPU.ActiveCfg = Debug|Any CPU
		{6ACF60AB-D352-4EDC-B258-62F774B7DB89}.Debug|Any CPU.Build.0 = Debug|Any CPU
		{6ACF60AB-D352-4EDC-B258-62F774B7DB89}.Release|Any CPU.ActiveCfg = Release|Any CPU
		{6ACF60AB-D352-4EDC-B258-62F774B7DB89}.Release|Any CPU.Build.0 = Release|Any CPU
		{406B6977-1BA9-4581-8952-45E539B25CAA}.Debug|Any CPU.ActiveCfg = Debug|Any CPU
		{406B6977-1BA9-4581-8952-45E539B25CAA}.Debug|Any CPU.Build.0 = Debug|Any CPU
		{406B6977-1BA9-4581-8952-45E539B25CAA}.Release|Any CPU.ActiveCfg = Release|Any CPU
		{406B6977-1BA9-4581-8952-45E539B25CAA}.Release|Any CPU.Build.0 = Release|Any CPU
		{7ED45DB3-B340-4EB4-B08C-1419264BC9C5}.Debug|Any CPU.ActiveCfg = Debug|Any CPU
		{7ED45DB3-B340-4EB4-B08C-1419264BC9C5}.Debug|Any CPU.Build.0 = Debug|Any CPU
		{7ED45DB3-B340-4EB4-B08C-1419264BC9C5}.Release|Any CPU.ActiveCfg = Release|Any CPU
		{7ED45DB3-B340-4EB4-B08C-1419264BC9C5}.Release|Any CPU.Build.0 = Release|Any CPU
		{ABB05D4E-D58F-453F-8C46-16B30BBFAEA4}.Debug|Any CPU.ActiveCfg = Debug|Any CPU
		{ABB05D4E-D58F-453F-8C46-16B30BBFAEA4}.Debug|Any CPU.Build.0 = Debug|Any CPU
		{ABB05D4E-D58F-453F-8C46-16B30BBFAEA4}.Release|Any CPU.ActiveCfg = Release|Any CPU
		{ABB05D4E-D58F-453F-8C46-16B30BBFAEA4}.Release|Any CPU.Build.0 = Release|Any CPU
		{C31AFCBA-01F3-4BEF-B873-AB841AEEA899}.Debug|Any CPU.ActiveCfg = Debug|Any CPU
		{C31AFCBA-01F3-4BEF-B873-AB841AEEA899}.Debug|Any CPU.Build.0 = Debug|Any CPU
		{C31AFCBA-01F3-4BEF-B873-AB841AEEA899}.Release|Any CPU.ActiveCfg = Release|Any CPU
		{C31AFCBA-01F3-4BEF-B873-AB841AEEA899}.Release|Any CPU.Build.0 = Release|Any CPU
		{85F9BB28-52D5-4980-9643-DD9654904CE2}.Debug|Any CPU.ActiveCfg = Debug|Any CPU
		{85F9BB28-52D5-4980-9643-DD9654904CE2}.Debug|Any CPU.Build.0 = Debug|Any CPU
		{85F9BB28-52D5-4980-9643-DD9654904CE2}.Release|Any CPU.ActiveCfg = Release|Any CPU
		{85F9BB28-52D5-4980-9643-DD9654904CE2}.Release|Any CPU.Build.0 = Release|Any CPU
		{8A17DA16-EAB6-40A7-9766-EE88E0D7CAFD}.Debug|Any CPU.ActiveCfg = Debug|Any CPU
		{8A17DA16-EAB6-40A7-9766-EE88E0D7CAFD}.Debug|Any CPU.Build.0 = Debug|Any CPU
		{8A17DA16-EAB6-40A7-9766-EE88E0D7CAFD}.Release|Any CPU.ActiveCfg = Release|Any CPU
		{8A17DA16-EAB6-40A7-9766-EE88E0D7CAFD}.Release|Any CPU.Build.0 = Release|Any CPU
		{FCDB7622-6003-4A55-94F9-6037CB4122C6}.Debug|Any CPU.ActiveCfg = Debug|Any CPU
		{FCDB7622-6003-4A55-94F9-6037CB4122C6}.Debug|Any CPU.Build.0 = Debug|Any CPU
		{FCDB7622-6003-4A55-94F9-6037CB4122C6}.Release|Any CPU.ActiveCfg = Release|Any CPU
		{FCDB7622-6003-4A55-94F9-6037CB4122C6}.Release|Any CPU.Build.0 = Release|Any CPU
		{AAD736A2-6FD9-4704-A8C4-0192C454DB58}.Debug|Any CPU.ActiveCfg = Debug|Any CPU
		{AAD736A2-6FD9-4704-A8C4-0192C454DB58}.Debug|Any CPU.Build.0 = Debug|Any CPU
		{AAD736A2-6FD9-4704-A8C4-0192C454DB58}.Release|Any CPU.ActiveCfg = Release|Any CPU
		{AAD736A2-6FD9-4704-A8C4-0192C454DB58}.Release|Any CPU.Build.0 = Release|Any CPU
		{C6553D88-4D2C-4A7B-AC8B-A422AE8990E9}.Debug|Any CPU.ActiveCfg = Debug|Any CPU
		{C6553D88-4D2C-4A7B-AC8B-A422AE8990E9}.Debug|Any CPU.Build.0 = Debug|Any CPU
		{C6553D88-4D2C-4A7B-AC8B-A422AE8990E9}.Release|Any CPU.ActiveCfg = Release|Any CPU
		{C6553D88-4D2C-4A7B-AC8B-A422AE8990E9}.Release|Any CPU.Build.0 = Release|Any CPU
		{02E54774-5302-4BC1-B446-9F60D88A40DA}.Debug|Any CPU.ActiveCfg = Debug|Any CPU
		{02E54774-5302-4BC1-B446-9F60D88A40DA}.Debug|Any CPU.Build.0 = Debug|Any CPU
		{02E54774-5302-4BC1-B446-9F60D88A40DA}.Release|Any CPU.ActiveCfg = Release|Any CPU
		{02E54774-5302-4BC1-B446-9F60D88A40DA}.Release|Any CPU.Build.0 = Release|Any CPU
		{3ADFF97F-7D02-40F9-B5F6-D8260D959F9A}.Debug|Any CPU.ActiveCfg = Debug|Any CPU
		{3ADFF97F-7D02-40F9-B5F6-D8260D959F9A}.Debug|Any CPU.Build.0 = Debug|Any CPU
		{3ADFF97F-7D02-40F9-B5F6-D8260D959F9A}.Release|Any CPU.ActiveCfg = Release|Any CPU
		{3ADFF97F-7D02-40F9-B5F6-D8260D959F9A}.Release|Any CPU.Build.0 = Release|Any CPU
		{1913C4DA-98A6-4ECB-9DF6-3AF0FCDAB432}.Debug|Any CPU.ActiveCfg = Debug|Any CPU
		{1913C4DA-98A6-4ECB-9DF6-3AF0FCDAB432}.Debug|Any CPU.Build.0 = Debug|Any CPU
		{1913C4DA-98A6-4ECB-9DF6-3AF0FCDAB432}.Release|Any CPU.ActiveCfg = Release|Any CPU
		{1913C4DA-98A6-4ECB-9DF6-3AF0FCDAB432}.Release|Any CPU.Build.0 = Release|Any CPU
		{3C58167C-CBA4-4D89-B5CC-C8C471933438}.Debug|Any CPU.ActiveCfg = Debug|Any CPU
		{3C58167C-CBA4-4D89-B5CC-C8C471933438}.Debug|Any CPU.Build.0 = Debug|Any CPU
		{3C58167C-CBA4-4D89-B5CC-C8C471933438}.Release|Any CPU.ActiveCfg = Release|Any CPU
		{3C58167C-CBA4-4D89-B5CC-C8C471933438}.Release|Any CPU.Build.0 = Release|Any CPU
		{A137427C-DDA5-484F-B348-09A508AA0894}.Debug|Any CPU.ActiveCfg = Debug|Any CPU
		{A137427C-DDA5-484F-B348-09A508AA0894}.Debug|Any CPU.Build.0 = Debug|Any CPU
		{A137427C-DDA5-484F-B348-09A508AA0894}.Release|Any CPU.ActiveCfg = Release|Any CPU
		{A137427C-DDA5-484F-B348-09A508AA0894}.Release|Any CPU.Build.0 = Release|Any CPU
		{A6A863F6-15B8-46C9-9B4C-7CA4B096EB39}.Debug|Any CPU.ActiveCfg = Debug|Any CPU
		{A6A863F6-15B8-46C9-9B4C-7CA4B096EB39}.Debug|Any CPU.Build.0 = Debug|Any CPU
		{A6A863F6-15B8-46C9-9B4C-7CA4B096EB39}.Release|Any CPU.ActiveCfg = Release|Any CPU
		{A6A863F6-15B8-46C9-9B4C-7CA4B096EB39}.Release|Any CPU.Build.0 = Release|Any CPU
		{F8065EE2-BB25-44EA-9B61-B3CE0E146353}.Debug|Any CPU.ActiveCfg = Debug|Any CPU
		{F8065EE2-BB25-44EA-9B61-B3CE0E146353}.Debug|Any CPU.Build.0 = Debug|Any CPU
		{F8065EE2-BB25-44EA-9B61-B3CE0E146353}.Release|Any CPU.ActiveCfg = Release|Any CPU
		{F8065EE2-BB25-44EA-9B61-B3CE0E146353}.Release|Any CPU.Build.0 = Release|Any CPU
		{843273CC-0627-466F-8F0E-EB01ABC5F270}.Debug|Any CPU.ActiveCfg = Debug|Any CPU
		{843273CC-0627-466F-8F0E-EB01ABC5F270}.Debug|Any CPU.Build.0 = Debug|Any CPU
		{843273CC-0627-466F-8F0E-EB01ABC5F270}.Release|Any CPU.ActiveCfg = Release|Any CPU
		{843273CC-0627-466F-8F0E-EB01ABC5F270}.Release|Any CPU.Build.0 = Release|Any CPU
		{2DF00B17-7CE9-4AD6-8E62-628E70C41973}.Debug|Any CPU.ActiveCfg = Debug|Any CPU
		{2DF00B17-7CE9-4AD6-8E62-628E70C41973}.Debug|Any CPU.Build.0 = Debug|Any CPU
		{2DF00B17-7CE9-4AD6-8E62-628E70C41973}.Release|Any CPU.ActiveCfg = Release|Any CPU
		{2DF00B17-7CE9-4AD6-8E62-628E70C41973}.Release|Any CPU.Build.0 = Release|Any CPU
		{CC5C78A5-AD85-450B-A9E5-CE22BAAC08B2}.Debug|Any CPU.ActiveCfg = Debug|Any CPU
		{CC5C78A5-AD85-450B-A9E5-CE22BAAC08B2}.Debug|Any CPU.Build.0 = Debug|Any CPU
		{CC5C78A5-AD85-450B-A9E5-CE22BAAC08B2}.Release|Any CPU.ActiveCfg = Release|Any CPU
		{CC5C78A5-AD85-450B-A9E5-CE22BAAC08B2}.Release|Any CPU.Build.0 = Release|Any CPU
		{FFDA3A03-447A-4454-8F48-C724C188CFE1}.Debug|Any CPU.ActiveCfg = Debug|Any CPU
		{FFDA3A03-447A-4454-8F48-C724C188CFE1}.Debug|Any CPU.Build.0 = Debug|Any CPU
		{FFDA3A03-447A-4454-8F48-C724C188CFE1}.Release|Any CPU.ActiveCfg = Release|Any CPU
		{FFDA3A03-447A-4454-8F48-C724C188CFE1}.Release|Any CPU.Build.0 = Release|Any CPU
		{F63C6D9D-80F6-422B-88F7-9524BA00DD26}.Debug|Any CPU.ActiveCfg = Debug|Any CPU
		{F63C6D9D-80F6-422B-88F7-9524BA00DD26}.Debug|Any CPU.Build.0 = Debug|Any CPU
		{F63C6D9D-80F6-422B-88F7-9524BA00DD26}.Release|Any CPU.ActiveCfg = Release|Any CPU
		{F63C6D9D-80F6-422B-88F7-9524BA00DD26}.Release|Any CPU.Build.0 = Release|Any CPU
		{E41EE77D-D597-4326-8061-646C9DCE80B3}.Debug|Any CPU.ActiveCfg = Debug|Any CPU
		{E41EE77D-D597-4326-8061-646C9DCE80B3}.Debug|Any CPU.Build.0 = Debug|Any CPU
		{E41EE77D-D597-4326-8061-646C9DCE80B3}.Release|Any CPU.ActiveCfg = Release|Any CPU
		{E41EE77D-D597-4326-8061-646C9DCE80B3}.Release|Any CPU.Build.0 = Release|Any CPU
		{EEC87B59-BAD5-4869-9558-603721D16B7F}.Debug|Any CPU.ActiveCfg = Debug|Any CPU
		{EEC87B59-BAD5-4869-9558-603721D16B7F}.Debug|Any CPU.Build.0 = Debug|Any CPU
		{EEC87B59-BAD5-4869-9558-603721D16B7F}.Release|Any CPU.ActiveCfg = Release|Any CPU
		{EEC87B59-BAD5-4869-9558-603721D16B7F}.Release|Any CPU.Build.0 = Release|Any CPU
		{9F78B69F-C550-428A-ABFE-21EA22694210}.Debug|Any CPU.ActiveCfg = Debug|Any CPU
		{9F78B69F-C550-428A-ABFE-21EA22694210}.Debug|Any CPU.Build.0 = Debug|Any CPU
		{9F78B69F-C550-428A-ABFE-21EA22694210}.Release|Any CPU.ActiveCfg = Release|Any CPU
		{9F78B69F-C550-428A-ABFE-21EA22694210}.Release|Any CPU.Build.0 = Release|Any CPU
		{98ED9D79-44A5-4EC3-A4C5-808AD36B59F2}.Debug|Any CPU.ActiveCfg = Debug|Any CPU
		{98ED9D79-44A5-4EC3-A4C5-808AD36B59F2}.Debug|Any CPU.Build.0 = Debug|Any CPU
		{98ED9D79-44A5-4EC3-A4C5-808AD36B59F2}.Release|Any CPU.ActiveCfg = Release|Any CPU
		{98ED9D79-44A5-4EC3-A4C5-808AD36B59F2}.Release|Any CPU.Build.0 = Release|Any CPU
		{5754CC7A-1165-406A-9EF7-AC344342252F}.Debug|Any CPU.ActiveCfg = Debug|Any CPU
		{5754CC7A-1165-406A-9EF7-AC344342252F}.Debug|Any CPU.Build.0 = Debug|Any CPU
		{5754CC7A-1165-406A-9EF7-AC344342252F}.Release|Any CPU.ActiveCfg = Release|Any CPU
		{5754CC7A-1165-406A-9EF7-AC344342252F}.Release|Any CPU.Build.0 = Release|Any CPU
		{7396EACB-7AF1-4170-8A50-A8245934128D}.Debug|Any CPU.ActiveCfg = Debug|Any CPU
		{7396EACB-7AF1-4170-8A50-A8245934128D}.Debug|Any CPU.Build.0 = Debug|Any CPU
		{7396EACB-7AF1-4170-8A50-A8245934128D}.Release|Any CPU.ActiveCfg = Release|Any CPU
		{7396EACB-7AF1-4170-8A50-A8245934128D}.Release|Any CPU.Build.0 = Release|Any CPU
		{24406262-784F-4BFE-B5CB-654A621162DD}.Debug|Any CPU.ActiveCfg = Debug|Any CPU
		{24406262-784F-4BFE-B5CB-654A621162DD}.Debug|Any CPU.Build.0 = Debug|Any CPU
		{24406262-784F-4BFE-B5CB-654A621162DD}.Release|Any CPU.ActiveCfg = Release|Any CPU
		{24406262-784F-4BFE-B5CB-654A621162DD}.Release|Any CPU.Build.0 = Release|Any CPU
		{E3F1BC1A-13F6-4913-9CFB-CB8A75CF9261}.Debug|Any CPU.ActiveCfg = Debug|Any CPU
		{E3F1BC1A-13F6-4913-9CFB-CB8A75CF9261}.Debug|Any CPU.Build.0 = Debug|Any CPU
		{E3F1BC1A-13F6-4913-9CFB-CB8A75CF9261}.Release|Any CPU.ActiveCfg = Release|Any CPU
		{E3F1BC1A-13F6-4913-9CFB-CB8A75CF9261}.Release|Any CPU.Build.0 = Release|Any CPU
		{D44DEEB7-9C2A-48D6-9CE0-50DE31A7CF18}.Debug|Any CPU.ActiveCfg = Debug|Any CPU
		{D44DEEB7-9C2A-48D6-9CE0-50DE31A7CF18}.Debug|Any CPU.Build.0 = Debug|Any CPU
		{D44DEEB7-9C2A-48D6-9CE0-50DE31A7CF18}.Release|Any CPU.ActiveCfg = Release|Any CPU
		{D44DEEB7-9C2A-48D6-9CE0-50DE31A7CF18}.Release|Any CPU.Build.0 = Release|Any CPU
		{6B68432F-DE63-4828-995F-0CE2D37EA742}.Debug|Any CPU.ActiveCfg = Debug|Any CPU
		{6B68432F-DE63-4828-995F-0CE2D37EA742}.Debug|Any CPU.Build.0 = Debug|Any CPU
		{6B68432F-DE63-4828-995F-0CE2D37EA742}.Release|Any CPU.ActiveCfg = Release|Any CPU
		{6B68432F-DE63-4828-995F-0CE2D37EA742}.Release|Any CPU.Build.0 = Release|Any CPU
		{943BA1BE-C405-414A-8DF9-F0A3B8F5F6DC}.Debug|Any CPU.ActiveCfg = Debug|Any CPU
		{943BA1BE-C405-414A-8DF9-F0A3B8F5F6DC}.Debug|Any CPU.Build.0 = Debug|Any CPU
		{943BA1BE-C405-414A-8DF9-F0A3B8F5F6DC}.Release|Any CPU.ActiveCfg = Release|Any CPU
		{943BA1BE-C405-414A-8DF9-F0A3B8F5F6DC}.Release|Any CPU.Build.0 = Release|Any CPU
		{B84F4E72-D5B3-46CF-8C0D-75B627124CF9}.Debug|Any CPU.ActiveCfg = Debug|Any CPU
		{B84F4E72-D5B3-46CF-8C0D-75B627124CF9}.Debug|Any CPU.Build.0 = Debug|Any CPU
		{B84F4E72-D5B3-46CF-8C0D-75B627124CF9}.Release|Any CPU.ActiveCfg = Release|Any CPU
		{B84F4E72-D5B3-46CF-8C0D-75B627124CF9}.Release|Any CPU.Build.0 = Release|Any CPU
		{DBD40CC5-8B49-4300-AEAC-D98194C886DB}.Debug|Any CPU.ActiveCfg = Debug|Any CPU
		{DBD40CC5-8B49-4300-AEAC-D98194C886DB}.Debug|Any CPU.Build.0 = Debug|Any CPU
		{DBD40CC5-8B49-4300-AEAC-D98194C886DB}.Release|Any CPU.ActiveCfg = Release|Any CPU
		{DBD40CC5-8B49-4300-AEAC-D98194C886DB}.Release|Any CPU.Build.0 = Release|Any CPU
		{4FAADF7A-B1BE-4180-B129-4B314BCA67F5}.Debug|Any CPU.ActiveCfg = Debug|Any CPU
		{4FAADF7A-B1BE-4180-B129-4B314BCA67F5}.Debug|Any CPU.Build.0 = Debug|Any CPU
		{4FAADF7A-B1BE-4180-B129-4B314BCA67F5}.Release|Any CPU.ActiveCfg = Release|Any CPU
		{4FAADF7A-B1BE-4180-B129-4B314BCA67F5}.Release|Any CPU.Build.0 = Release|Any CPU
		{46B35233-0D9A-4D81-AACA-BF4C19AF86A5}.Debug|Any CPU.ActiveCfg = Debug|Any CPU
		{46B35233-0D9A-4D81-AACA-BF4C19AF86A5}.Debug|Any CPU.Build.0 = Debug|Any CPU
		{46B35233-0D9A-4D81-AACA-BF4C19AF86A5}.Release|Any CPU.ActiveCfg = Release|Any CPU
		{46B35233-0D9A-4D81-AACA-BF4C19AF86A5}.Release|Any CPU.Build.0 = Release|Any CPU
		{49BAA37A-C463-4001-882A-6B257C5A9C7A}.Debug|Any CPU.ActiveCfg = Debug|Any CPU
		{49BAA37A-C463-4001-882A-6B257C5A9C7A}.Debug|Any CPU.Build.0 = Debug|Any CPU
		{49BAA37A-C463-4001-882A-6B257C5A9C7A}.Release|Any CPU.ActiveCfg = Release|Any CPU
		{49BAA37A-C463-4001-882A-6B257C5A9C7A}.Release|Any CPU.Build.0 = Release|Any CPU
		{56FA4101-0AEF-4ED9-8C1B-3F0A9EE38D0F}.Debug|Any CPU.ActiveCfg = Debug|Any CPU
		{56FA4101-0AEF-4ED9-8C1B-3F0A9EE38D0F}.Debug|Any CPU.Build.0 = Debug|Any CPU
		{56FA4101-0AEF-4ED9-8C1B-3F0A9EE38D0F}.Release|Any CPU.ActiveCfg = Release|Any CPU
		{56FA4101-0AEF-4ED9-8C1B-3F0A9EE38D0F}.Release|Any CPU.Build.0 = Release|Any CPU
		{9736C64B-8F42-4525-A8D8-F9C9DB070078}.Debug|Any CPU.ActiveCfg = Debug|Any CPU
		{9736C64B-8F42-4525-A8D8-F9C9DB070078}.Debug|Any CPU.Build.0 = Debug|Any CPU
		{9736C64B-8F42-4525-A8D8-F9C9DB070078}.Release|Any CPU.ActiveCfg = Release|Any CPU
		{9736C64B-8F42-4525-A8D8-F9C9DB070078}.Release|Any CPU.Build.0 = Release|Any CPU
		{6D3ED310-FFB8-4CC3-B27E-E09AC3EC2BC6}.Debug|Any CPU.ActiveCfg = Debug|Any CPU
		{6D3ED310-FFB8-4CC3-B27E-E09AC3EC2BC6}.Debug|Any CPU.Build.0 = Debug|Any CPU
		{6D3ED310-FFB8-4CC3-B27E-E09AC3EC2BC6}.Release|Any CPU.ActiveCfg = Release|Any CPU
		{6D3ED310-FFB8-4CC3-B27E-E09AC3EC2BC6}.Release|Any CPU.Build.0 = Release|Any CPU
		{C1BB5024-DF71-434F-A423-CA95DD5DE19A}.Debug|Any CPU.ActiveCfg = Debug|Any CPU
		{C1BB5024-DF71-434F-A423-CA95DD5DE19A}.Debug|Any CPU.Build.0 = Debug|Any CPU
		{C1BB5024-DF71-434F-A423-CA95DD5DE19A}.Release|Any CPU.ActiveCfg = Release|Any CPU
		{C1BB5024-DF71-434F-A423-CA95DD5DE19A}.Release|Any CPU.Build.0 = Release|Any CPU
		{111B41A7-6046-483D-8E13-A6F87CC29814}.Debug|Any CPU.ActiveCfg = Debug|Any CPU
		{111B41A7-6046-483D-8E13-A6F87CC29814}.Debug|Any CPU.Build.0 = Debug|Any CPU
		{111B41A7-6046-483D-8E13-A6F87CC29814}.Release|Any CPU.ActiveCfg = Release|Any CPU
		{111B41A7-6046-483D-8E13-A6F87CC29814}.Release|Any CPU.Build.0 = Release|Any CPU
		{2A438666-1DCF-4C94-9D66-0C9533A53883}.Debug|Any CPU.ActiveCfg = Debug|Any CPU
		{2A438666-1DCF-4C94-9D66-0C9533A53883}.Debug|Any CPU.Build.0 = Debug|Any CPU
		{2A438666-1DCF-4C94-9D66-0C9533A53883}.Release|Any CPU.ActiveCfg = Release|Any CPU
		{2A438666-1DCF-4C94-9D66-0C9533A53883}.Release|Any CPU.Build.0 = Release|Any CPU
		{2EB9E610-0563-473C-879A-F99CB8B95C8A}.Debug|Any CPU.ActiveCfg = Debug|Any CPU
		{2EB9E610-0563-473C-879A-F99CB8B95C8A}.Debug|Any CPU.Build.0 = Debug|Any CPU
		{2EB9E610-0563-473C-879A-F99CB8B95C8A}.Release|Any CPU.ActiveCfg = Release|Any CPU
		{2EB9E610-0563-473C-879A-F99CB8B95C8A}.Release|Any CPU.Build.0 = Release|Any CPU
		{287ABA18-F9AD-4621-B7B8-9C6B7526CAC0}.Debug|Any CPU.ActiveCfg = Debug|Any CPU
		{287ABA18-F9AD-4621-B7B8-9C6B7526CAC0}.Debug|Any CPU.Build.0 = Debug|Any CPU
		{287ABA18-F9AD-4621-B7B8-9C6B7526CAC0}.Release|Any CPU.ActiveCfg = Release|Any CPU
		{287ABA18-F9AD-4621-B7B8-9C6B7526CAC0}.Release|Any CPU.Build.0 = Release|Any CPU
		{D186D37F-4161-494A-8841-50F0075D927A}.Debug|Any CPU.ActiveCfg = Debug|Any CPU
		{D186D37F-4161-494A-8841-50F0075D927A}.Debug|Any CPU.Build.0 = Debug|Any CPU
		{D186D37F-4161-494A-8841-50F0075D927A}.Release|Any CPU.ActiveCfg = Release|Any CPU
		{D186D37F-4161-494A-8841-50F0075D927A}.Release|Any CPU.Build.0 = Release|Any CPU
		{5FE91780-7E4C-4D48-BB97-386F149BC18C}.Debug|Any CPU.ActiveCfg = Debug|Any CPU
		{5FE91780-7E4C-4D48-BB97-386F149BC18C}.Debug|Any CPU.Build.0 = Debug|Any CPU
		{5FE91780-7E4C-4D48-BB97-386F149BC18C}.Release|Any CPU.ActiveCfg = Release|Any CPU
		{5FE91780-7E4C-4D48-BB97-386F149BC18C}.Release|Any CPU.Build.0 = Release|Any CPU
		{FA36CD5A-BEFB-4E9D-9C77-6308BE46CEDF}.Debug|Any CPU.ActiveCfg = Debug|Any CPU
		{FA36CD5A-BEFB-4E9D-9C77-6308BE46CEDF}.Debug|Any CPU.Build.0 = Debug|Any CPU
		{FA36CD5A-BEFB-4E9D-9C77-6308BE46CEDF}.Release|Any CPU.ActiveCfg = Release|Any CPU
		{FA36CD5A-BEFB-4E9D-9C77-6308BE46CEDF}.Release|Any CPU.Build.0 = Release|Any CPU
		{3A117074-2FD4-46D1-83EB-BD79FD4C6CCA}.Debug|Any CPU.ActiveCfg = Debug|Any CPU
		{3A117074-2FD4-46D1-83EB-BD79FD4C6CCA}.Debug|Any CPU.Build.0 = Debug|Any CPU
		{3A117074-2FD4-46D1-83EB-BD79FD4C6CCA}.Release|Any CPU.ActiveCfg = Release|Any CPU
		{3A117074-2FD4-46D1-83EB-BD79FD4C6CCA}.Release|Any CPU.Build.0 = Release|Any CPU
		{713C4451-E034-4EED-86CB-ED21E357C68D}.Debug|Any CPU.ActiveCfg = Debug|Any CPU
		{713C4451-E034-4EED-86CB-ED21E357C68D}.Debug|Any CPU.Build.0 = Debug|Any CPU
		{713C4451-E034-4EED-86CB-ED21E357C68D}.Release|Any CPU.ActiveCfg = Release|Any CPU
		{713C4451-E034-4EED-86CB-ED21E357C68D}.Release|Any CPU.Build.0 = Release|Any CPU
		{C82997E0-7E99-4DC6-AD71-F43683D3ABAF}.Debug|Any CPU.ActiveCfg = Debug|Any CPU
		{C82997E0-7E99-4DC6-AD71-F43683D3ABAF}.Debug|Any CPU.Build.0 = Debug|Any CPU
		{C82997E0-7E99-4DC6-AD71-F43683D3ABAF}.Release|Any CPU.ActiveCfg = Release|Any CPU
		{C82997E0-7E99-4DC6-AD71-F43683D3ABAF}.Release|Any CPU.Build.0 = Release|Any CPU
		{B45C95A1-02C1-46CE-AFEA-483659CB8C02}.Debug|Any CPU.ActiveCfg = Debug|Any CPU
		{B45C95A1-02C1-46CE-AFEA-483659CB8C02}.Debug|Any CPU.Build.0 = Debug|Any CPU
		{B45C95A1-02C1-46CE-AFEA-483659CB8C02}.Release|Any CPU.ActiveCfg = Release|Any CPU
		{B45C95A1-02C1-46CE-AFEA-483659CB8C02}.Release|Any CPU.Build.0 = Release|Any CPU
		{DFD4E0BD-A212-41F4-B299-FA26489D71D2}.Debug|Any CPU.ActiveCfg = Debug|Any CPU
		{DFD4E0BD-A212-41F4-B299-FA26489D71D2}.Debug|Any CPU.Build.0 = Debug|Any CPU
		{DFD4E0BD-A212-41F4-B299-FA26489D71D2}.Release|Any CPU.ActiveCfg = Release|Any CPU
		{DFD4E0BD-A212-41F4-B299-FA26489D71D2}.Release|Any CPU.Build.0 = Release|Any CPU
		{A3445ED6-74AF-46B4-8B2A-A9B28A6F5263}.Debug|Any CPU.ActiveCfg = Debug|Any CPU
		{A3445ED6-74AF-46B4-8B2A-A9B28A6F5263}.Debug|Any CPU.Build.0 = Debug|Any CPU
		{A3445ED6-74AF-46B4-8B2A-A9B28A6F5263}.Release|Any CPU.ActiveCfg = Release|Any CPU
		{A3445ED6-74AF-46B4-8B2A-A9B28A6F5263}.Release|Any CPU.Build.0 = Release|Any CPU
		{98D36BE9-5AE7-4C8D-A118-AB152965EEB2}.Debug|Any CPU.ActiveCfg = Debug|Any CPU
		{98D36BE9-5AE7-4C8D-A118-AB152965EEB2}.Debug|Any CPU.Build.0 = Debug|Any CPU
		{98D36BE9-5AE7-4C8D-A118-AB152965EEB2}.Release|Any CPU.ActiveCfg = Release|Any CPU
		{98D36BE9-5AE7-4C8D-A118-AB152965EEB2}.Release|Any CPU.Build.0 = Release|Any CPU
		{9862AA4B-AB4B-4131-B4EC-ECD3B5220386}.Debug|Any CPU.ActiveCfg = Debug|Any CPU
		{9862AA4B-AB4B-4131-B4EC-ECD3B5220386}.Debug|Any CPU.Build.0 = Debug|Any CPU
		{9862AA4B-AB4B-4131-B4EC-ECD3B5220386}.Release|Any CPU.ActiveCfg = Release|Any CPU
		{9862AA4B-AB4B-4131-B4EC-ECD3B5220386}.Release|Any CPU.Build.0 = Release|Any CPU
		{D51A85ED-BE8E-4221-8807-892CE5860445}.Debug|Any CPU.ActiveCfg = Debug|Any CPU
		{D51A85ED-BE8E-4221-8807-892CE5860445}.Debug|Any CPU.Build.0 = Debug|Any CPU
		{D51A85ED-BE8E-4221-8807-892CE5860445}.Release|Any CPU.ActiveCfg = Release|Any CPU
		{D51A85ED-BE8E-4221-8807-892CE5860445}.Release|Any CPU.Build.0 = Release|Any CPU
		{0C190220-F188-4D87-AF3A-ED0803C51420}.Debug|Any CPU.ActiveCfg = Debug|Any CPU
		{0C190220-F188-4D87-AF3A-ED0803C51420}.Debug|Any CPU.Build.0 = Debug|Any CPU
		{0C190220-F188-4D87-AF3A-ED0803C51420}.Release|Any CPU.ActiveCfg = Release|Any CPU
		{0C190220-F188-4D87-AF3A-ED0803C51420}.Release|Any CPU.Build.0 = Release|Any CPU
		{669BDBE9-9A4D-443F-811B-26841E426247}.Debug|Any CPU.ActiveCfg = Debug|Any CPU
		{669BDBE9-9A4D-443F-811B-26841E426247}.Debug|Any CPU.Build.0 = Debug|Any CPU
		{669BDBE9-9A4D-443F-811B-26841E426247}.Release|Any CPU.ActiveCfg = Release|Any CPU
		{669BDBE9-9A4D-443F-811B-26841E426247}.Release|Any CPU.Build.0 = Release|Any CPU
	EndGlobalSection
	GlobalSection(SolutionProperties) = preSolution
		HideSolutionNode = FALSE
	EndGlobalSection
	GlobalSection(NestedProjects) = preSolution
		{B1D5FD75-C532-4FD5-A9FD-A915244DE015} = {0C478DC9-5719-4BFB-8D29-095B2B1B8F86}
		{4AD65D6E-6219-4061-AEF8-08E5A0EDD70B} = {3AF9FBB2-F5B7-4A93-B781-1CE5E35800A3}
		{FF30668A-E1EA-4EF4-9907-C5AE807DE5E8} = {B1D5FD75-C532-4FD5-A9FD-A915244DE015}
		{3AF5AE46-FD0B-4429-8288-6F7DCA2AF23F} = {B1D5FD75-C532-4FD5-A9FD-A915244DE015}
		{7E51D8E4-DA75-4635-AE53-A8ED81976AD6} = {B1D5FD75-C532-4FD5-A9FD-A915244DE015}
		{06EB400D-04A5-453A-8E22-CC225FFCB345} = {B1D5FD75-C532-4FD5-A9FD-A915244DE015}
		{ABE0ECC7-4E37-4E96-A73A-7B222150A437} = {B1D5FD75-C532-4FD5-A9FD-A915244DE015}
		{56142BE4-0E55-47C8-BF6E-310A52A131FB} = {B1D5FD75-C532-4FD5-A9FD-A915244DE015}
		{4A997A4F-7AE9-4328-BF84-080C4553BA79} = {B1D5FD75-C532-4FD5-A9FD-A915244DE015}
		{B4FC3002-60D9-49FC-95AC-FB409C29DAD7} = {B1D5FD75-C532-4FD5-A9FD-A915244DE015}
		{1228E730-5A02-4265-9BDD-CD1892B45654} = {B1D5FD75-C532-4FD5-A9FD-A915244DE015}
		{818119E2-420D-4421-ABDC-8B2DF7C41206} = {3AF9FBB2-F5B7-4A93-B781-1CE5E35800A3}
		{F636B66C-4CB9-4616-9221-7A99E5852F39} = {3AF9FBB2-F5B7-4A93-B781-1CE5E35800A3}
		{2D6DEEA1-DB8E-47E7-8588-A368320BCA0E} = {3AF9FBB2-F5B7-4A93-B781-1CE5E35800A3}
		{038EEEEE-AFB1-4591-9A7D-5B95403B30C6} = {3AF9FBB2-F5B7-4A93-B781-1CE5E35800A3}
		{A62744E1-F229-4944-AEB5-0FFC1DD8AA62} = {3AF9FBB2-F5B7-4A93-B781-1CE5E35800A3}
		{5FDF3166-6081-4122-A5DC-4CEFF78B06A3} = {3AF9FBB2-F5B7-4A93-B781-1CE5E35800A3}
		{5CF52585-68DB-48B2-9C4C-1BFD5D15A040} = {3AF9FBB2-F5B7-4A93-B781-1CE5E35800A3}
		{03987329-FB07-432F-8D53-A910A296EE5D} = {3AF9FBB2-F5B7-4A93-B781-1CE5E35800A3}
		{7D5CD2C6-C6BF-42BB-A89A-0851786F92DE} = {3AF9FBB2-F5B7-4A93-B781-1CE5E35800A3}
		{06CFF45D-2C5A-4EAB-A604-E5431AD017AE} = {0C478DC9-5719-4BFB-8D29-095B2B1B8F86}
		{65B229D4-4139-4375-9333-B5F8750AA072} = {0C478DC9-5719-4BFB-8D29-095B2B1B8F86}
		{CCFF82F3-2E77-4E39-A072-1B195EBE7C60} = {0C478DC9-5719-4BFB-8D29-095B2B1B8F86}
		{C609E475-0D3C-4C47-AFEF-E776961A69AF} = {0C478DC9-5719-4BFB-8D29-095B2B1B8F86}
		{34F984D7-A984-40A1-A894-CC35D989308D} = {0C478DC9-5719-4BFB-8D29-095B2B1B8F86}
		{D8FCB41F-A373-4238-B50D-CBEB038AE939} = {70CC6991-19FC-441B-930B-A8D679E8D640}
		{A13042A6-02F7-40DB-9703-C700B9ED4498} = {70CC6991-19FC-441B-930B-A8D679E8D640}
		{678E03DF-A0BB-4FD8-92A3-EDFA4297EBC1} = {70CC6991-19FC-441B-930B-A8D679E8D640}
		{C1B205F8-D3A0-45F5-BD44-CA95F8CFE0B3} = {70CC6991-19FC-441B-930B-A8D679E8D640}
		{DEDEB70B-5AC2-4625-8B1A-461647D92058} = {70CC6991-19FC-441B-930B-A8D679E8D640}
		{1EEA96B8-E73A-4C40-8C95-834C39A226A9} = {70CC6991-19FC-441B-930B-A8D679E8D640}
		{B7957460-D683-43DC-8B30-944971F50CDB} = {70CC6991-19FC-441B-930B-A8D679E8D640}
		{F09B9ADE-3640-4E1D-BBAE-118EE3A1FC23} = {70CC6991-19FC-441B-930B-A8D679E8D640}
		{3EB1362D-4B0F-47B9-B725-071676FF32FF} = {70CC6991-19FC-441B-930B-A8D679E8D640}
		{EAAAA299-7201-4CD5-A3C8-790BBD5BD643} = {70CC6991-19FC-441B-930B-A8D679E8D640}
		{E0664409-50E7-436B-AC93-6CFF4065AE98} = {D76CE31F-FCDF-4425-947A-D91A489C7A45}
		{9AFB261B-9956-44C9-90B2-ACF04E87FCEC} = {D76CE31F-FCDF-4425-947A-D91A489C7A45}
		{85F87524-5EF2-4B5D-AAA0-C08D399F8360} = {D76CE31F-FCDF-4425-947A-D91A489C7A45}
		{455817BB-1B8F-446E-A126-EB7A133BAE34} = {D76CE31F-FCDF-4425-947A-D91A489C7A45}
		{E130B85D-5819-4E1F-800A-8F46BFC39381} = {D76CE31F-FCDF-4425-947A-D91A489C7A45}
		{A2F2C141-EDF0-498D-9E2B-D9C080EBD3B8} = {D76CE31F-FCDF-4425-947A-D91A489C7A45}
		{5E077590-9B85-414A-BEB8-E29B13E60385} = {D76CE31F-FCDF-4425-947A-D91A489C7A45}
		{04EDF2B9-67F3-46C2-98E5-B1579F29BFE5} = {60A0294C-5D87-4570-874C-C7AF7AB7BB68}
		{431E2946-CEED-4F53-A5E4-1EF7AFB3B117} = {60A0294C-5D87-4570-874C-C7AF7AB7BB68}
		{6CABD99C-F3DF-4757-BBA8-9F846799FAF6} = {60A0294C-5D87-4570-874C-C7AF7AB7BB68}
		{2AABBBDF-777E-4008-8C74-8F063C274CBB} = {60A0294C-5D87-4570-874C-C7AF7AB7BB68}
		{EC7B4C35-9045-4767-9752-20BA3D2B44EE} = {60A0294C-5D87-4570-874C-C7AF7AB7BB68}
		{FB7D34DE-3F08-4E94-908A-D4B9BEE2F065} = {60A0294C-5D87-4570-874C-C7AF7AB7BB68}
		{29B84BFC-0E28-4FB4-A1D6-9E48444030B8} = {60A0294C-5D87-4570-874C-C7AF7AB7BB68}
		{381C66AA-975C-437E-BFCD-0B20A5883FB0} = {60A0294C-5D87-4570-874C-C7AF7AB7BB68}
		{9471D711-378C-429B-B944-AB053F8EFBC9} = {60A0294C-5D87-4570-874C-C7AF7AB7BB68}
		{B7EE1BBF-6472-46BC-8F1C-6EC3C25B6C27} = {4AD65D6E-6219-4061-AEF8-08E5A0EDD70B}
		{A176FDEA-66E7-4C7A-A054-4B20D5F62C58} = {4AD65D6E-6219-4061-AEF8-08E5A0EDD70B}
		{AF980CCC-68C4-48A3-B5E9-2925D372B657} = {4AD65D6E-6219-4061-AEF8-08E5A0EDD70B}
		{FDFBDA4E-20BC-4707-AB1E-6C195D8D31AB} = {4AD65D6E-6219-4061-AEF8-08E5A0EDD70B}
		{7BB5BBE7-6CFC-4E2C-9AC9-8150C5C6EB69} = {4AD65D6E-6219-4061-AEF8-08E5A0EDD70B}
		{B3D5CAEB-585F-4D03-B481-8967C9551FF0} = {4AD65D6E-6219-4061-AEF8-08E5A0EDD70B}
		{C062A3DE-BCE9-4D10-9268-7FCA1411350F} = {4AD65D6E-6219-4061-AEF8-08E5A0EDD70B}
		{4581B1B5-36F7-4EE5-ADA4-B4488BB90F51} = {4AD65D6E-6219-4061-AEF8-08E5A0EDD70B}
		{69821AF4-7D49-4DEC-B7F8-CC623A19C993} = {D8FCB41F-A373-4238-B50D-CBEB038AE939}
		{1B43516E-A4F9-475A-AD30-3543FD23B8B1} = {D8FCB41F-A373-4238-B50D-CBEB038AE939}
		{C9925DB1-811F-4736-BB06-8515264C4FBF} = {D8FCB41F-A373-4238-B50D-CBEB038AE939}
		{B5249F00-FE84-4E69-90AC-F8DF77DB2B29} = {D8FCB41F-A373-4238-B50D-CBEB038AE939}
		{A7DD2C87-9217-4E15-89A1-F5B91641F132} = {D8FCB41F-A373-4238-B50D-CBEB038AE939}
		{BBE21D1C-6B81-4770-A4C6-62ACBEE57667} = {D8FCB41F-A373-4238-B50D-CBEB038AE939}
		{40666688-E4CD-4EB6-8C5F-5550F0C47FD8} = {D8FCB41F-A373-4238-B50D-CBEB038AE939}
		{03986E80-E965-4B90-9B1B-E474401D6403} = {D76CE31F-FCDF-4425-947A-D91A489C7A45}
		{AFE3CA61-AB42-45EC-911D-A2A08CF5E30F} = {03986E80-E965-4B90-9B1B-E474401D6403}
		{39AF474C-DD45-416B-9188-8402DCA4135E} = {03986E80-E965-4B90-9B1B-E474401D6403}
		{47C73F8E-ED83-44B8-8D41-5E86A314DCC7} = {03986E80-E965-4B90-9B1B-E474401D6403}
		{1ECC2BCC-62F2-42C9-9E1C-C054975C84A6} = {3987E392-10D2-4DC8-A16C-EF232C10F819}
		{52F604D7-970D-4C89-952A-98558416D4DC} = {1ECC2BCC-62F2-42C9-9E1C-C054975C84A6}
		{2EA6CEC0-420F-4AA7-BC71-845FBF10261E} = {60A0294C-5D87-4570-874C-C7AF7AB7BB68}
		{B4C6F6CD-EA23-4A2C-BD52-DA8ED3ED3D6A} = {2EA6CEC0-420F-4AA7-BC71-845FBF10261E}
		{037C4D43-D302-41E8-BCE0-E17D716D632A} = {03986E80-E965-4B90-9B1B-E474401D6403}
		{7060FDBE-75CD-4395-A32C-6B0E44017E26} = {03986E80-E965-4B90-9B1B-E474401D6403}
		{44309168-DE7C-465C-9CB7-E66547D8BD89} = {2EA6CEC0-420F-4AA7-BC71-845FBF10261E}
		{99C646A0-4BE3-4455-A0C1-9C9FA7040C02} = {2EA6CEC0-420F-4AA7-BC71-845FBF10261E}
		{02F828E2-8F99-4E63-B45E-F15E987D42DE} = {2EA6CEC0-420F-4AA7-BC71-845FBF10261E}
		{EDD8032D-5FF4-43A3-8528-98086DFA5B4D} = {2EA6CEC0-420F-4AA7-BC71-845FBF10261E}
		{B2746360-1F33-45D3-9D05-5B39FA1A13C7} = {2EA6CEC0-420F-4AA7-BC71-845FBF10261E}
		{D6D26922-B69A-478C-9B88-4801145CF778} = {1ECC2BCC-62F2-42C9-9E1C-C054975C84A6}
		{5A253414-A129-4076-81EA-EC6331167302} = {1ECC2BCC-62F2-42C9-9E1C-C054975C84A6}
		{85486E9E-DD77-4704-BE6F-401D4AE5FC23} = {1ECC2BCC-62F2-42C9-9E1C-C054975C84A6}
		{D85B9CCD-9F18-4F86-A248-C8B216E69D59} = {1ECC2BCC-62F2-42C9-9E1C-C054975C84A6}
		{C0921120-444B-4399-AD00-C204345827A0} = {3987E392-10D2-4DC8-A16C-EF232C10F819}
		{6ACF60AB-D352-4EDC-B258-62F774B7DB89} = {3987E392-10D2-4DC8-A16C-EF232C10F819}
		{406B6977-1BA9-4581-8952-45E539B25CAA} = {3987E392-10D2-4DC8-A16C-EF232C10F819}
		{7ED45DB3-B340-4EB4-B08C-1419264BC9C5} = {3987E392-10D2-4DC8-A16C-EF232C10F819}
		{ABB05D4E-D58F-453F-8C46-16B30BBFAEA4} = {3987E392-10D2-4DC8-A16C-EF232C10F819}
		{C31AFCBA-01F3-4BEF-B873-AB841AEEA899} = {3987E392-10D2-4DC8-A16C-EF232C10F819}
		{85F9BB28-52D5-4980-9643-DD9654904CE2} = {3987E392-10D2-4DC8-A16C-EF232C10F819}
		{8A17DA16-EAB6-40A7-9766-EE88E0D7CAFD} = {3987E392-10D2-4DC8-A16C-EF232C10F819}
		{FCDB7622-6003-4A55-94F9-6037CB4122C6} = {3987E392-10D2-4DC8-A16C-EF232C10F819}
		{AAD736A2-6FD9-4704-A8C4-0192C454DB58} = {3987E392-10D2-4DC8-A16C-EF232C10F819}
		{C6553D88-4D2C-4A7B-AC8B-A422AE8990E9} = {3987E392-10D2-4DC8-A16C-EF232C10F819}
		{02E54774-5302-4BC1-B446-9F60D88A40DA} = {3987E392-10D2-4DC8-A16C-EF232C10F819}
		{3ADFF97F-7D02-40F9-B5F6-D8260D959F9A} = {3987E392-10D2-4DC8-A16C-EF232C10F819}
		{1913C4DA-98A6-4ECB-9DF6-3AF0FCDAB432} = {3987E392-10D2-4DC8-A16C-EF232C10F819}
		{3C58167C-CBA4-4D89-B5CC-C8C471933438} = {3987E392-10D2-4DC8-A16C-EF232C10F819}
		{B0FC4D20-E3F6-4FD9-A9A5-45E240AD34BE} = {19F155FD-DB65-496D-92F7-0F72909D3FF7}
		{A137427C-DDA5-484F-B348-09A508AA0894} = {B0FC4D20-E3F6-4FD9-A9A5-45E240AD34BE}
		{A6A863F6-15B8-46C9-9B4C-7CA4B096EB39} = {B0FC4D20-E3F6-4FD9-A9A5-45E240AD34BE}
		{F8065EE2-BB25-44EA-9B61-B3CE0E146353} = {B0FC4D20-E3F6-4FD9-A9A5-45E240AD34BE}
		{5FFC2197-5AFA-4084-A485-66B9D56625D5} = {56F0DA78-78AE-41E6-B1F4-278B0F0A4FAD}
		{843273CC-0627-466F-8F0E-EB01ABC5F270} = {19F155FD-DB65-496D-92F7-0F72909D3FF7}
		{2DF00B17-7CE9-4AD6-8E62-628E70C41973} = {19F155FD-DB65-496D-92F7-0F72909D3FF7}
		{CC5C78A5-AD85-450B-A9E5-CE22BAAC08B2} = {19F155FD-DB65-496D-92F7-0F72909D3FF7}
		{FFDA3A03-447A-4454-8F48-C724C188CFE1} = {19F155FD-DB65-496D-92F7-0F72909D3FF7}
		{F63C6D9D-80F6-422B-88F7-9524BA00DD26} = {19F155FD-DB65-496D-92F7-0F72909D3FF7}
		{E41EE77D-D597-4326-8061-646C9DCE80B3} = {5FFC2197-5AFA-4084-A485-66B9D56625D5}
		{EEC87B59-BAD5-4869-9558-603721D16B7F} = {5FFC2197-5AFA-4084-A485-66B9D56625D5}
		{9F78B69F-C550-428A-ABFE-21EA22694210} = {5FFC2197-5AFA-4084-A485-66B9D56625D5}
		{98ED9D79-44A5-4EC3-A4C5-808AD36B59F2} = {5FFC2197-5AFA-4084-A485-66B9D56625D5}
		{5754CC7A-1165-406A-9EF7-AC344342252F} = {5FFC2197-5AFA-4084-A485-66B9D56625D5}
		{7396EACB-7AF1-4170-8A50-A8245934128D} = {56F0DA78-78AE-41E6-B1F4-278B0F0A4FAD}
		{24406262-784F-4BFE-B5CB-654A621162DD} = {56F0DA78-78AE-41E6-B1F4-278B0F0A4FAD}
		{E3F1BC1A-13F6-4913-9CFB-CB8A75CF9261} = {56F0DA78-78AE-41E6-B1F4-278B0F0A4FAD}
		{D44DEEB7-9C2A-48D6-9CE0-50DE31A7CF18} = {56F0DA78-78AE-41E6-B1F4-278B0F0A4FAD}
		{6B68432F-DE63-4828-995F-0CE2D37EA742} = {56F0DA78-78AE-41E6-B1F4-278B0F0A4FAD}
		{943BA1BE-C405-414A-8DF9-F0A3B8F5F6DC} = {56F0DA78-78AE-41E6-B1F4-278B0F0A4FAD}
		{B84F4E72-D5B3-46CF-8C0D-75B627124CF9} = {56F0DA78-78AE-41E6-B1F4-278B0F0A4FAD}
		{DBD40CC5-8B49-4300-AEAC-D98194C886DB} = {56F0DA78-78AE-41E6-B1F4-278B0F0A4FAD}
		{4FAADF7A-B1BE-4180-B129-4B314BCA67F5} = {56F0DA78-78AE-41E6-B1F4-278B0F0A4FAD}
		{46B35233-0D9A-4D81-AACA-BF4C19AF86A5} = {56F0DA78-78AE-41E6-B1F4-278B0F0A4FAD}
		{49BAA37A-C463-4001-882A-6B257C5A9C7A} = {56F0DA78-78AE-41E6-B1F4-278B0F0A4FAD}
		{56FA4101-0AEF-4ED9-8C1B-3F0A9EE38D0F} = {56F0DA78-78AE-41E6-B1F4-278B0F0A4FAD}
		{9736C64B-8F42-4525-A8D8-F9C9DB070078} = {56F0DA78-78AE-41E6-B1F4-278B0F0A4FAD}
		{03F53F05-34F1-44AE-9044-A225B955F78D} = {3CC66DC9-C5B0-4CA3-9705-980482EBB891}
		{6D3ED310-FFB8-4CC3-B27E-E09AC3EC2BC6} = {5FFC2197-5AFA-4084-A485-66B9D56625D5}
		{C1BB5024-DF71-434F-A423-CA95DD5DE19A} = {03F53F05-34F1-44AE-9044-A225B955F78D}
		{111B41A7-6046-483D-8E13-A6F87CC29814} = {03F53F05-34F1-44AE-9044-A225B955F78D}
		{2A438666-1DCF-4C94-9D66-0C9533A53883} = {3CC66DC9-C5B0-4CA3-9705-980482EBB891}
		{2EB9E610-0563-473C-879A-F99CB8B95C8A} = {3CC66DC9-C5B0-4CA3-9705-980482EBB891}
		{287ABA18-F9AD-4621-B7B8-9C6B7526CAC0} = {3CC66DC9-C5B0-4CA3-9705-980482EBB891}
		{D186D37F-4161-494A-8841-50F0075D927A} = {3CC66DC9-C5B0-4CA3-9705-980482EBB891}
		{5FE91780-7E4C-4D48-BB97-386F149BC18C} = {3CC66DC9-C5B0-4CA3-9705-980482EBB891}
		{FA36CD5A-BEFB-4E9D-9C77-6308BE46CEDF} = {3CC66DC9-C5B0-4CA3-9705-980482EBB891}
		{3A117074-2FD4-46D1-83EB-BD79FD4C6CCA} = {03F53F05-34F1-44AE-9044-A225B955F78D}
		{28B54FC7-1FAC-4889-AA60-965240605D29} = {FFD86CF5-8136-4EF2-9B08-26C2DAC729AD}
		{713C4451-E034-4EED-86CB-ED21E357C68D} = {28B54FC7-1FAC-4889-AA60-965240605D29}
		{1648F8BF-13AF-4C10-9EC0-8A69F9E4E91F} = {FFD86CF5-8136-4EF2-9B08-26C2DAC729AD}
		{C82997E0-7E99-4DC6-AD71-F43683D3ABAF} = {1648F8BF-13AF-4C10-9EC0-8A69F9E4E91F}
		{B45C95A1-02C1-46CE-AFEA-483659CB8C02} = {1648F8BF-13AF-4C10-9EC0-8A69F9E4E91F}
		{DFD4E0BD-A212-41F4-B299-FA26489D71D2} = {28B54FC7-1FAC-4889-AA60-965240605D29}
		{A3445ED6-74AF-46B4-8B2A-A9B28A6F5263} = {876908EA-94F1-4618-B7E4-68BB57139045}
		{98D36BE9-5AE7-4C8D-A118-AB152965EEB2} = {876908EA-94F1-4618-B7E4-68BB57139045}
		{9862AA4B-AB4B-4131-B4EC-ECD3B5220386} = {876908EA-94F1-4618-B7E4-68BB57139045}
		{D51A85ED-BE8E-4221-8807-892CE5860445} = {876908EA-94F1-4618-B7E4-68BB57139045}
		{0C190220-F188-4D87-AF3A-ED0803C51420} = {876908EA-94F1-4618-B7E4-68BB57139045}
		{669BDBE9-9A4D-443F-811B-26841E426247} = {876908EA-94F1-4618-B7E4-68BB57139045}
	EndGlobalSection
	GlobalSection(ExtensibilityGlobals) = postSolution
		SolutionGuid = {BACD8E45-CAE0-485B-88DE-B957F660F6E3}
	EndGlobalSection
EndGlobal
